// !$*UTF8*$!
{
	archiveVersion = 1;
	classes = {
	};
	objectVersion = 56;
	objects = {

/* Begin PBXBuildFile section */
		2A324D8E2C464975008E7EB6 /* UIPrimitives in Frameworks */ = {isa = PBXBuildFile; productRef = 2A324D8D2C464975008E7EB6 /* UIPrimitives */; };
		2A324D902C464ABF008E7EB6 /* ListFlowEvent.swift in Sources */ = {isa = PBXBuildFile; fileRef = 2A324D8F2C464ABF008E7EB6 /* ListFlowEvent.swift */; };
		2A324D932C464B7E008E7EB6 /* IMRx in Frameworks */ = {isa = PBXBuildFile; productRef = 2A324D922C464B7E008E7EB6 /* IMRx */; };
		2A324D952C464B7E008E7EB6 /* IMTools in Frameworks */ = {isa = PBXBuildFile; productRef = 2A324D942C464B7E008E7EB6 /* IMTools */; };
		2A324D972C464BCE008E7EB6 /* ListFlowEffect.swift in Sources */ = {isa = PBXBuildFile; fileRef = 2A324D962C464BCE008E7EB6 /* ListFlowEffect.swift */; };
		2A324D992C464BDD008E7EB6 /* ListFlowState.swift in Sources */ = {isa = PBXBuildFile; fileRef = 2A324D982C464BDD008E7EB6 /* ListFlowState.swift */; };
		2A324D9B2C464C44008E7EB6 /* ListFlowModel+preview.swift in Sources */ = {isa = PBXBuildFile; fileRef = 2A324D9A2C464C44008E7EB6 /* ListFlowModel+preview.swift */; };
		2A324D9D2C464CAB008E7EB6 /* ListFlowReducer.swift in Sources */ = {isa = PBXBuildFile; fileRef = 2A324D9C2C464CAB008E7EB6 /* ListFlowReducer.swift */; };
		2A324D9F2C464CC4008E7EB6 /* ListFlowEffectHandler.swift in Sources */ = {isa = PBXBuildFile; fileRef = 2A324D9E2C464CC4008E7EB6 /* ListFlowEffectHandler.swift */; };
		2A324DA32C464EF1008E7EB6 /* EntryListView.swift in Sources */ = {isa = PBXBuildFile; fileRef = 2A324DA22C464EF1008E7EB6 /* EntryListView.swift */; };
		2A324DA62C464F14008E7EB6 /* EntryListModel.swift in Sources */ = {isa = PBXBuildFile; fileRef = 2A324DA52C464F14008E7EB6 /* EntryListModel.swift */; };
		2A324DA82C464F44008E7EB6 /* Entry.swift in Sources */ = {isa = PBXBuildFile; fileRef = 2A324DA72C464F44008E7EB6 /* Entry.swift */; };
		2A324DAA2C464F75008E7EB6 /* EntryListModel+preview.swift in Sources */ = {isa = PBXBuildFile; fileRef = 2A324DA92C464F75008E7EB6 /* EntryListModel+preview.swift */; };
		2A324DAC2C465CDB008E7EB6 /* ListFlowFactory.swift in Sources */ = {isa = PBXBuildFile; fileRef = 2A324DAB2C465CDB008E7EB6 /* ListFlowFactory.swift */; };
		2A324DAE2C465CFE008E7EB6 /* ListFlowFactory+preview.swift in Sources */ = {isa = PBXBuildFile; fileRef = 2A324DAD2C465CFE008E7EB6 /* ListFlowFactory+preview.swift */; };
		2A324DB22C465E27008E7EB6 /* ContentViewComposer.swift in Sources */ = {isa = PBXBuildFile; fileRef = 2A324DB12C465E27008E7EB6 /* ContentViewComposer.swift */; };
		2A324DB52C465EFF008E7EB6 /* CombineSchedulers in Frameworks */ = {isa = PBXBuildFile; productRef = 2A324DB42C465EFF008E7EB6 /* CombineSchedulers */; };
		2A324DB72C465FD4008E7EB6 /* EntryListReducer.swift in Sources */ = {isa = PBXBuildFile; fileRef = 2A324DB62C465FD4008E7EB6 /* EntryListReducer.swift */; };
		2A324DBB2C466003008E7EB6 /* EntryListEvent.swift in Sources */ = {isa = PBXBuildFile; fileRef = 2A324DBA2C466003008E7EB6 /* EntryListEvent.swift */; };
		2A324DBD2C466011008E7EB6 /* EntryListEffect.swift in Sources */ = {isa = PBXBuildFile; fileRef = 2A324DBC2C466011008E7EB6 /* EntryListEffect.swift */; };
		2A324DBF2C46604F008E7EB6 /* EntryListEffectHandler.swift in Sources */ = {isa = PBXBuildFile; fileRef = 2A324DBE2C46604F008E7EB6 /* EntryListEffectHandler.swift */; };
		2A324DC12C46687A008E7EB6 /* EntryListModelComposer.swift in Sources */ = {isa = PBXBuildFile; fileRef = 2A324DC02C46687A008E7EB6 /* EntryListModelComposer.swift */; };
		2A324DC42C466FFF008E7EB6 /* EntryListEffectHandlerMicroServices.swift in Sources */ = {isa = PBXBuildFile; fileRef = 2A324DC32C466FFF008E7EB6 /* EntryListEffectHandlerMicroServices.swift */; };
		2A324DC62C4671B1008E7EB6 /* EntryListEffectHandlerMicroServicesComposer.swift in Sources */ = {isa = PBXBuildFile; fileRef = 2A324DC52C4671B1008E7EB6 /* EntryListEffectHandlerMicroServicesComposer.swift */; };
		2A324DC82C467381008E7EB6 /* [Entry]+preview.swift in Sources */ = {isa = PBXBuildFile; fileRef = 2A324DC72C467381008E7EB6 /* [Entry]+preview.swift */; };
		2A324DCA2C467D25008E7EB6 /* EntryListState.swift in Sources */ = {isa = PBXBuildFile; fileRef = 2A324DC92C467D25008E7EB6 /* EntryListState.swift */; };
		2A324DCC2C4682C7008E7EB6 /* DispatchQueue+delay.swift in Sources */ = {isa = PBXBuildFile; fileRef = 2A324DCB2C4682C7008E7EB6 /* DispatchQueue+delay.swift */; };
		2A33A3D72C4642C700CE3C96 /* NoteNestApp.swift in Sources */ = {isa = PBXBuildFile; fileRef = 2A33A3D62C4642C700CE3C96 /* NoteNestApp.swift */; };
		2A33A3D92C4642C700CE3C96 /* ContentView.swift in Sources */ = {isa = PBXBuildFile; fileRef = 2A33A3D82C4642C700CE3C96 /* ContentView.swift */; };
		2A33A3DB2C4642C900CE3C96 /* Assets.xcassets in Resources */ = {isa = PBXBuildFile; fileRef = 2A33A3DA2C4642C900CE3C96 /* Assets.xcassets */; };
		2A33A3DE2C4642C900CE3C96 /* Preview Assets.xcassets in Resources */ = {isa = PBXBuildFile; fileRef = 2A33A3DD2C4642C900CE3C96 /* Preview Assets.xcassets */; };
		2A33A3E62C46449000CE3C96 /* ListFlowView.swift in Sources */ = {isa = PBXBuildFile; fileRef = 2A33A3E52C46449000CE3C96 /* ListFlowView.swift */; };
		2A33A3E92C4644BA00CE3C96 /* ListFlowModel.swift in Sources */ = {isa = PBXBuildFile; fileRef = 2A33A3E82C4644BA00CE3C96 /* ListFlowModel.swift */; };
/* End PBXBuildFile section */

/* Begin PBXFileReference section */
		2A324D8F2C464ABF008E7EB6 /* ListFlowEvent.swift */ = {isa = PBXFileReference; lastKnownFileType = sourcecode.swift; path = ListFlowEvent.swift; sourceTree = "<group>"; };
		2A324D962C464BCE008E7EB6 /* ListFlowEffect.swift */ = {isa = PBXFileReference; lastKnownFileType = sourcecode.swift; path = ListFlowEffect.swift; sourceTree = "<group>"; };
		2A324D982C464BDD008E7EB6 /* ListFlowState.swift */ = {isa = PBXFileReference; lastKnownFileType = sourcecode.swift; path = ListFlowState.swift; sourceTree = "<group>"; };
		2A324D9A2C464C44008E7EB6 /* ListFlowModel+preview.swift */ = {isa = PBXFileReference; lastKnownFileType = sourcecode.swift; path = "ListFlowModel+preview.swift"; sourceTree = "<group>"; };
		2A324D9C2C464CAB008E7EB6 /* ListFlowReducer.swift */ = {isa = PBXFileReference; lastKnownFileType = sourcecode.swift; path = ListFlowReducer.swift; sourceTree = "<group>"; };
		2A324D9E2C464CC4008E7EB6 /* ListFlowEffectHandler.swift */ = {isa = PBXFileReference; lastKnownFileType = sourcecode.swift; path = ListFlowEffectHandler.swift; sourceTree = "<group>"; };
		2A324DA22C464EF1008E7EB6 /* EntryListView.swift */ = {isa = PBXFileReference; lastKnownFileType = sourcecode.swift; path = EntryListView.swift; sourceTree = "<group>"; };
		2A324DA52C464F14008E7EB6 /* EntryListModel.swift */ = {isa = PBXFileReference; lastKnownFileType = sourcecode.swift; path = EntryListModel.swift; sourceTree = "<group>"; };
		2A324DA72C464F44008E7EB6 /* Entry.swift */ = {isa = PBXFileReference; lastKnownFileType = sourcecode.swift; path = Entry.swift; sourceTree = "<group>"; };
		2A324DA92C464F75008E7EB6 /* EntryListModel+preview.swift */ = {isa = PBXFileReference; lastKnownFileType = sourcecode.swift; path = "EntryListModel+preview.swift"; sourceTree = "<group>"; };
		2A324DAB2C465CDB008E7EB6 /* ListFlowFactory.swift */ = {isa = PBXFileReference; lastKnownFileType = sourcecode.swift; path = ListFlowFactory.swift; sourceTree = "<group>"; };
		2A324DAD2C465CFE008E7EB6 /* ListFlowFactory+preview.swift */ = {isa = PBXFileReference; lastKnownFileType = sourcecode.swift; path = "ListFlowFactory+preview.swift"; sourceTree = "<group>"; };
		2A324DB12C465E27008E7EB6 /* ContentViewComposer.swift */ = {isa = PBXFileReference; lastKnownFileType = sourcecode.swift; path = ContentViewComposer.swift; sourceTree = "<group>"; };
		2A324DB62C465FD4008E7EB6 /* EntryListReducer.swift */ = {isa = PBXFileReference; lastKnownFileType = sourcecode.swift; path = EntryListReducer.swift; sourceTree = "<group>"; };
		2A324DBA2C466003008E7EB6 /* EntryListEvent.swift */ = {isa = PBXFileReference; lastKnownFileType = sourcecode.swift; path = EntryListEvent.swift; sourceTree = "<group>"; };
		2A324DBC2C466011008E7EB6 /* EntryListEffect.swift */ = {isa = PBXFileReference; lastKnownFileType = sourcecode.swift; path = EntryListEffect.swift; sourceTree = "<group>"; };
		2A324DBE2C46604F008E7EB6 /* EntryListEffectHandler.swift */ = {isa = PBXFileReference; lastKnownFileType = sourcecode.swift; path = EntryListEffectHandler.swift; sourceTree = "<group>"; };
		2A324DC02C46687A008E7EB6 /* EntryListModelComposer.swift */ = {isa = PBXFileReference; lastKnownFileType = sourcecode.swift; path = EntryListModelComposer.swift; sourceTree = "<group>"; };
		2A324DC32C466FFF008E7EB6 /* EntryListEffectHandlerMicroServices.swift */ = {isa = PBXFileReference; lastKnownFileType = sourcecode.swift; path = EntryListEffectHandlerMicroServices.swift; sourceTree = "<group>"; };
		2A324DC52C4671B1008E7EB6 /* EntryListEffectHandlerMicroServicesComposer.swift */ = {isa = PBXFileReference; lastKnownFileType = sourcecode.swift; path = EntryListEffectHandlerMicroServicesComposer.swift; sourceTree = "<group>"; };
		2A324DC72C467381008E7EB6 /* [Entry]+preview.swift */ = {isa = PBXFileReference; lastKnownFileType = sourcecode.swift; path = "[Entry]+preview.swift"; sourceTree = "<group>"; };
		2A324DC92C467D25008E7EB6 /* EntryListState.swift */ = {isa = PBXFileReference; lastKnownFileType = sourcecode.swift; path = EntryListState.swift; sourceTree = "<group>"; };
		2A324DCB2C4682C7008E7EB6 /* DispatchQueue+delay.swift */ = {isa = PBXFileReference; lastKnownFileType = sourcecode.swift; path = "DispatchQueue+delay.swift"; sourceTree = "<group>"; };
		2A33A3D32C4642C700CE3C96 /* NoteNest.app */ = {isa = PBXFileReference; explicitFileType = wrapper.application; includeInIndex = 0; path = NoteNest.app; sourceTree = BUILT_PRODUCTS_DIR; };
		2A33A3D62C4642C700CE3C96 /* NoteNestApp.swift */ = {isa = PBXFileReference; lastKnownFileType = sourcecode.swift; path = NoteNestApp.swift; sourceTree = "<group>"; };
		2A33A3D82C4642C700CE3C96 /* ContentView.swift */ = {isa = PBXFileReference; lastKnownFileType = sourcecode.swift; path = ContentView.swift; sourceTree = "<group>"; };
		2A33A3DA2C4642C900CE3C96 /* Assets.xcassets */ = {isa = PBXFileReference; lastKnownFileType = folder.assetcatalog; path = Assets.xcassets; sourceTree = "<group>"; };
		2A33A3DD2C4642C900CE3C96 /* Preview Assets.xcassets */ = {isa = PBXFileReference; lastKnownFileType = folder.assetcatalog; path = "Preview Assets.xcassets"; sourceTree = "<group>"; };
		2A33A3E42C4642F300CE3C96 /* swift-note-nest */ = {isa = PBXFileReference; lastKnownFileType = wrapper; name = "swift-note-nest"; path = ..; sourceTree = "<group>"; };
		2A33A3E52C46449000CE3C96 /* ListFlowView.swift */ = {isa = PBXFileReference; lastKnownFileType = sourcecode.swift; path = ListFlowView.swift; sourceTree = "<group>"; };
		2A33A3E82C4644BA00CE3C96 /* ListFlowModel.swift */ = {isa = PBXFileReference; lastKnownFileType = sourcecode.swift; path = ListFlowModel.swift; sourceTree = "<group>"; };
		2A36E5AE2C468E5D0015BA96 /* EntryListFeature.xctestplan */ = {isa = PBXFileReference; lastKnownFileType = text; name = EntryListFeature.xctestplan; path = TestPlans/EntryListFeature.xctestplan; sourceTree = "<group>"; };
/* End PBXFileReference section */

/* Begin PBXFrameworksBuildPhase section */
		2A33A3D02C4642C700CE3C96 /* Frameworks */ = {
			isa = PBXFrameworksBuildPhase;
			buildActionMask = 2147483647;
			files = (
				2A324DB52C465EFF008E7EB6 /* CombineSchedulers in Frameworks */,
				2A324D952C464B7E008E7EB6 /* IMTools in Frameworks */,
				2A324D932C464B7E008E7EB6 /* IMRx in Frameworks */,
				2A324D8E2C464975008E7EB6 /* UIPrimitives in Frameworks */,
			);
			runOnlyForDeploymentPostprocessing = 0;
		};
/* End PBXFrameworksBuildPhase section */

/* Begin PBXGroup section */
		2A324D8A2C464913008E7EB6 /* Frameworks */ = {
			isa = PBXGroup;
			children = (
			);
			name = Frameworks;
			sourceTree = "<group>";
		};
		2A324DA42C464F0B008E7EB6 /* EntryList */ = {
			isa = PBXGroup;
			children = (
				2A324DA72C464F44008E7EB6 /* Entry.swift */,
				2A324DC92C467D25008E7EB6 /* EntryListState.swift */,
				2A324DBA2C466003008E7EB6 /* EntryListEvent.swift */,
				2A324DBC2C466011008E7EB6 /* EntryListEffect.swift */,
				2A324DB62C465FD4008E7EB6 /* EntryListReducer.swift */,
				2A324DBE2C46604F008E7EB6 /* EntryListEffectHandler.swift */,
				2A324DC32C466FFF008E7EB6 /* EntryListEffectHandlerMicroServices.swift */,
				2A324DA52C464F14008E7EB6 /* EntryListModel.swift */,
				2A324DA22C464EF1008E7EB6 /* EntryListView.swift */,
			);
			path = EntryList;
			sourceTree = "<group>";
		};
		2A324DC22C466B04008E7EB6 /* CompositionRoot */ = {
			isa = PBXGroup;
			children = (
				2A324DB12C465E27008E7EB6 /* ContentViewComposer.swift */,
				2A324DC02C46687A008E7EB6 /* EntryListModelComposer.swift */,
				2A324DC52C4671B1008E7EB6 /* EntryListEffectHandlerMicroServicesComposer.swift */,
				2A324DCB2C4682C7008E7EB6 /* DispatchQueue+delay.swift */,
			);
			path = CompositionRoot;
			sourceTree = "<group>";
		};
		2A33A3CA2C4642C700CE3C96 = {
			isa = PBXGroup;
			children = (
				2A36E5AF2C468E670015BA96 /* TestPlans */,
				2A33A3E42C4642F300CE3C96 /* swift-note-nest */,
				2A33A3D52C4642C700CE3C96 /* NoteNest */,
				2A33A3D42C4642C700CE3C96 /* Products */,
				2A324D8A2C464913008E7EB6 /* Frameworks */,
			);
			sourceTree = "<group>";
		};
		2A33A3D42C4642C700CE3C96 /* Products */ = {
			isa = PBXGroup;
			children = (
				2A33A3D32C4642C700CE3C96 /* NoteNest.app */,
			);
			name = Products;
			sourceTree = "<group>";
		};
		2A33A3D52C4642C700CE3C96 /* NoteNest */ = {
			isa = PBXGroup;
			children = (
				2A33A3D62C4642C700CE3C96 /* NoteNestApp.swift */,
				2A33A3D82C4642C700CE3C96 /* ContentView.swift */,
				2A324DC22C466B04008E7EB6 /* CompositionRoot */,
				2A324DA42C464F0B008E7EB6 /* EntryList */,
				2A33A3E72C4644AF00CE3C96 /* ListFlow */,
				2A33A3DA2C4642C900CE3C96 /* Assets.xcassets */,
				2A33A3DC2C4642C900CE3C96 /* Preview Content */,
			);
			path = NoteNest;
			sourceTree = "<group>";
		};
		2A33A3DC2C4642C900CE3C96 /* Preview Content */ = {
			isa = PBXGroup;
			children = (
				2A33A3DD2C4642C900CE3C96 /* Preview Assets.xcassets */,
				2A324D9A2C464C44008E7EB6 /* ListFlowModel+preview.swift */,
				2A324DA92C464F75008E7EB6 /* EntryListModel+preview.swift */,
				2A324DC72C467381008E7EB6 /* [Entry]+preview.swift */,
				2A324DAD2C465CFE008E7EB6 /* ListFlowFactory+preview.swift */,
			);
			path = "Preview Content";
			sourceTree = "<group>";
		};
		2A33A3E72C4644AF00CE3C96 /* ListFlow */ = {
			isa = PBXGroup;
			children = (
				2A324D982C464BDD008E7EB6 /* ListFlowState.swift */,
				2A324D8F2C464ABF008E7EB6 /* ListFlowEvent.swift */,
				2A324D962C464BCE008E7EB6 /* ListFlowEffect.swift */,
				2A324D9C2C464CAB008E7EB6 /* ListFlowReducer.swift */,
				2A324D9E2C464CC4008E7EB6 /* ListFlowEffectHandler.swift */,
				2A33A3E82C4644BA00CE3C96 /* ListFlowModel.swift */,
				2A33A3E52C46449000CE3C96 /* ListFlowView.swift */,
				2A324DAB2C465CDB008E7EB6 /* ListFlowFactory.swift */,
			);
			path = ListFlow;
			sourceTree = "<group>";
		};
		2A36E5AF2C468E670015BA96 /* TestPlans */ = {
			isa = PBXGroup;
			children = (
				2A36E5AE2C468E5D0015BA96 /* EntryListFeature.xctestplan */,
			);
			name = TestPlans;
			sourceTree = "<group>";
		};
/* End PBXGroup section */

/* Begin PBXNativeTarget section */
		2A33A3D22C4642C700CE3C96 /* NoteNest */ = {
			isa = PBXNativeTarget;
			buildConfigurationList = 2A33A3E12C4642C900CE3C96 /* Build configuration list for PBXNativeTarget "NoteNest" */;
			buildPhases = (
				2A33A3CF2C4642C700CE3C96 /* Sources */,
				2A33A3D02C4642C700CE3C96 /* Frameworks */,
				2A33A3D12C4642C700CE3C96 /* Resources */,
			);
			buildRules = (
			);
			dependencies = (
			);
			name = NoteNest;
			packageProductDependencies = (
				2A324D8D2C464975008E7EB6 /* UIPrimitives */,
				2A324D922C464B7E008E7EB6 /* IMRx */,
				2A324D942C464B7E008E7EB6 /* IMTools */,
				2A324DB42C465EFF008E7EB6 /* CombineSchedulers */,
			);
			productName = NoteNest;
			productReference = 2A33A3D32C4642C700CE3C96 /* NoteNest.app */;
			productType = "com.apple.product-type.application";
		};
/* End PBXNativeTarget section */

/* Begin PBXProject section */
		2A33A3CB2C4642C700CE3C96 /* Project object */ = {
			isa = PBXProject;
			attributes = {
				BuildIndependentTargetsInParallel = 1;
				LastSwiftUpdateCheck = 1530;
				LastUpgradeCheck = 1530;
				TargetAttributes = {
					2A33A3D22C4642C700CE3C96 = {
						CreatedOnToolsVersion = 15.3;
					};
				};
			};
			buildConfigurationList = 2A33A3CE2C4642C700CE3C96 /* Build configuration list for PBXProject "NoteNest" */;
			compatibilityVersion = "Xcode 14.0";
			developmentRegion = en;
			hasScannedForEncodings = 0;
			knownRegions = (
				en,
				Base,
			);
			mainGroup = 2A33A3CA2C4642C700CE3C96;
			packageReferences = (
				2A324D912C464B7E008E7EB6 /* XCRemoteSwiftPackageReference "swift-imrx" */,
				2A324DB32C465EFF008E7EB6 /* XCRemoteSwiftPackageReference "combine-schedulers" */,
			);
			productRefGroup = 2A33A3D42C4642C700CE3C96 /* Products */;
			projectDirPath = "";
			projectRoot = "";
			targets = (
				2A33A3D22C4642C700CE3C96 /* NoteNest */,
			);
		};
/* End PBXProject section */

/* Begin PBXResourcesBuildPhase section */
		2A33A3D12C4642C700CE3C96 /* Resources */ = {
			isa = PBXResourcesBuildPhase;
			buildActionMask = 2147483647;
			files = (
				2A33A3DE2C4642C900CE3C96 /* Preview Assets.xcassets in Resources */,
				2A33A3DB2C4642C900CE3C96 /* Assets.xcassets in Resources */,
			);
			runOnlyForDeploymentPostprocessing = 0;
		};
/* End PBXResourcesBuildPhase section */

/* Begin PBXSourcesBuildPhase section */
		2A33A3CF2C4642C700CE3C96 /* Sources */ = {
			isa = PBXSourcesBuildPhase;
			buildActionMask = 2147483647;
			files = (
				2A324D9B2C464C44008E7EB6 /* ListFlowModel+preview.swift in Sources */,
				2A324DC12C46687A008E7EB6 /* EntryListModelComposer.swift in Sources */,
				2A324DBD2C466011008E7EB6 /* EntryListEffect.swift in Sources */,
				2A324DC62C4671B1008E7EB6 /* EntryListEffectHandlerMicroServicesComposer.swift in Sources */,
				2A324DAE2C465CFE008E7EB6 /* ListFlowFactory+preview.swift in Sources */,
				2A33A3D92C4642C700CE3C96 /* ContentView.swift in Sources */,
				2A324DA82C464F44008E7EB6 /* Entry.swift in Sources */,
				2A324D902C464ABF008E7EB6 /* ListFlowEvent.swift in Sources */,
				2A324D9D2C464CAB008E7EB6 /* ListFlowReducer.swift in Sources */,
				2A324D972C464BCE008E7EB6 /* ListFlowEffect.swift in Sources */,
				2A33A3D72C4642C700CE3C96 /* NoteNestApp.swift in Sources */,
				2A324DAA2C464F75008E7EB6 /* EntryListModel+preview.swift in Sources */,
				2A324DBF2C46604F008E7EB6 /* EntryListEffectHandler.swift in Sources */,
				2A324DC82C467381008E7EB6 /* [Entry]+preview.swift in Sources */,
				2A324D992C464BDD008E7EB6 /* ListFlowState.swift in Sources */,
				2A324DAC2C465CDB008E7EB6 /* ListFlowFactory.swift in Sources */,
				2A324DBB2C466003008E7EB6 /* EntryListEvent.swift in Sources */,
				2A33A3E62C46449000CE3C96 /* ListFlowView.swift in Sources */,
				2A324DA32C464EF1008E7EB6 /* EntryListView.swift in Sources */,
				2A324DB72C465FD4008E7EB6 /* EntryListReducer.swift in Sources */,
				2A324DB22C465E27008E7EB6 /* ContentViewComposer.swift in Sources */,
				2A324DC42C466FFF008E7EB6 /* EntryListEffectHandlerMicroServices.swift in Sources */,
				2A33A3E92C4644BA00CE3C96 /* ListFlowModel.swift in Sources */,
				2A324DCC2C4682C7008E7EB6 /* DispatchQueue+delay.swift in Sources */,
				2A324DCA2C467D25008E7EB6 /* EntryListState.swift in Sources */,
				2A324DA62C464F14008E7EB6 /* EntryListModel.swift in Sources */,
				2A324D9F2C464CC4008E7EB6 /* ListFlowEffectHandler.swift in Sources */,
			);
			runOnlyForDeploymentPostprocessing = 0;
		};
/* End PBXSourcesBuildPhase section */

/* Begin XCBuildConfiguration section */
		2A33A3DF2C4642C900CE3C96 /* Debug */ = {
			isa = XCBuildConfiguration;
			buildSettings = {
				ALWAYS_SEARCH_USER_PATHS = NO;
				ASSETCATALOG_COMPILER_GENERATE_SWIFT_ASSET_SYMBOL_EXTENSIONS = YES;
				CLANG_ANALYZER_NONNULL = YES;
				CLANG_ANALYZER_NUMBER_OBJECT_CONVERSION = YES_AGGRESSIVE;
				CLANG_CXX_LANGUAGE_STANDARD = "gnu++20";
				CLANG_ENABLE_MODULES = YES;
				CLANG_ENABLE_OBJC_ARC = YES;
				CLANG_ENABLE_OBJC_WEAK = YES;
				CLANG_WARN_BLOCK_CAPTURE_AUTORELEASING = YES;
				CLANG_WARN_BOOL_CONVERSION = YES;
				CLANG_WARN_COMMA = YES;
				CLANG_WARN_CONSTANT_CONVERSION = YES;
				CLANG_WARN_DEPRECATED_OBJC_IMPLEMENTATIONS = YES;
				CLANG_WARN_DIRECT_OBJC_ISA_USAGE = YES_ERROR;
				CLANG_WARN_DOCUMENTATION_COMMENTS = YES;
				CLANG_WARN_EMPTY_BODY = YES;
				CLANG_WARN_ENUM_CONVERSION = YES;
				CLANG_WARN_INFINITE_RECURSION = YES;
				CLANG_WARN_INT_CONVERSION = YES;
				CLANG_WARN_NON_LITERAL_NULL_CONVERSION = YES;
				CLANG_WARN_OBJC_IMPLICIT_RETAIN_SELF = YES;
				CLANG_WARN_OBJC_LITERAL_CONVERSION = YES;
				CLANG_WARN_OBJC_ROOT_CLASS = YES_ERROR;
				CLANG_WARN_QUOTED_INCLUDE_IN_FRAMEWORK_HEADER = YES;
				CLANG_WARN_RANGE_LOOP_ANALYSIS = YES;
				CLANG_WARN_STRICT_PROTOTYPES = YES;
				CLANG_WARN_SUSPICIOUS_MOVE = YES;
				CLANG_WARN_UNGUARDED_AVAILABILITY = YES_AGGRESSIVE;
				CLANG_WARN_UNREACHABLE_CODE = YES;
				CLANG_WARN__DUPLICATE_METHOD_MATCH = YES;
				COPY_PHASE_STRIP = NO;
				DEBUG_INFORMATION_FORMAT = dwarf;
				ENABLE_STRICT_OBJC_MSGSEND = YES;
				ENABLE_TESTABILITY = YES;
				ENABLE_USER_SCRIPT_SANDBOXING = YES;
				GCC_C_LANGUAGE_STANDARD = gnu17;
				GCC_DYNAMIC_NO_PIC = NO;
				GCC_NO_COMMON_BLOCKS = YES;
				GCC_OPTIMIZATION_LEVEL = 0;
				GCC_PREPROCESSOR_DEFINITIONS = (
					"DEBUG=1",
					"$(inherited)",
				);
				GCC_WARN_64_TO_32_BIT_CONVERSION = YES;
				GCC_WARN_ABOUT_RETURN_TYPE = YES_ERROR;
				GCC_WARN_UNDECLARED_SELECTOR = YES;
				GCC_WARN_UNINITIALIZED_AUTOS = YES_AGGRESSIVE;
				GCC_WARN_UNUSED_FUNCTION = YES;
				GCC_WARN_UNUSED_VARIABLE = YES;
				IPHONEOS_DEPLOYMENT_TARGET = 17.4;
				LOCALIZATION_PREFERS_STRING_CATALOGS = YES;
				MTL_ENABLE_DEBUG_INFO = INCLUDE_SOURCE;
				MTL_FAST_MATH = YES;
				ONLY_ACTIVE_ARCH = YES;
				SDKROOT = iphoneos;
				SWIFT_ACTIVE_COMPILATION_CONDITIONS = "DEBUG $(inherited)";
				SWIFT_OPTIMIZATION_LEVEL = "-Onone";
			};
			name = Debug;
		};
		2A33A3E02C4642C900CE3C96 /* Release */ = {
			isa = XCBuildConfiguration;
			buildSettings = {
				ALWAYS_SEARCH_USER_PATHS = NO;
				ASSETCATALOG_COMPILER_GENERATE_SWIFT_ASSET_SYMBOL_EXTENSIONS = YES;
				CLANG_ANALYZER_NONNULL = YES;
				CLANG_ANALYZER_NUMBER_OBJECT_CONVERSION = YES_AGGRESSIVE;
				CLANG_CXX_LANGUAGE_STANDARD = "gnu++20";
				CLANG_ENABLE_MODULES = YES;
				CLANG_ENABLE_OBJC_ARC = YES;
				CLANG_ENABLE_OBJC_WEAK = YES;
				CLANG_WARN_BLOCK_CAPTURE_AUTORELEASING = YES;
				CLANG_WARN_BOOL_CONVERSION = YES;
				CLANG_WARN_COMMA = YES;
				CLANG_WARN_CONSTANT_CONVERSION = YES;
				CLANG_WARN_DEPRECATED_OBJC_IMPLEMENTATIONS = YES;
				CLANG_WARN_DIRECT_OBJC_ISA_USAGE = YES_ERROR;
				CLANG_WARN_DOCUMENTATION_COMMENTS = YES;
				CLANG_WARN_EMPTY_BODY = YES;
				CLANG_WARN_ENUM_CONVERSION = YES;
				CLANG_WARN_INFINITE_RECURSION = YES;
				CLANG_WARN_INT_CONVERSION = YES;
				CLANG_WARN_NON_LITERAL_NULL_CONVERSION = YES;
				CLANG_WARN_OBJC_IMPLICIT_RETAIN_SELF = YES;
				CLANG_WARN_OBJC_LITERAL_CONVERSION = YES;
				CLANG_WARN_OBJC_ROOT_CLASS = YES_ERROR;
				CLANG_WARN_QUOTED_INCLUDE_IN_FRAMEWORK_HEADER = YES;
				CLANG_WARN_RANGE_LOOP_ANALYSIS = YES;
				CLANG_WARN_STRICT_PROTOTYPES = YES;
				CLANG_WARN_SUSPICIOUS_MOVE = YES;
				CLANG_WARN_UNGUARDED_AVAILABILITY = YES_AGGRESSIVE;
				CLANG_WARN_UNREACHABLE_CODE = YES;
				CLANG_WARN__DUPLICATE_METHOD_MATCH = YES;
				COPY_PHASE_STRIP = NO;
				DEBUG_INFORMATION_FORMAT = "dwarf-with-dsym";
				ENABLE_NS_ASSERTIONS = NO;
				ENABLE_STRICT_OBJC_MSGSEND = YES;
				ENABLE_USER_SCRIPT_SANDBOXING = YES;
				GCC_C_LANGUAGE_STANDARD = gnu17;
				GCC_NO_COMMON_BLOCKS = YES;
				GCC_WARN_64_TO_32_BIT_CONVERSION = YES;
				GCC_WARN_ABOUT_RETURN_TYPE = YES_ERROR;
				GCC_WARN_UNDECLARED_SELECTOR = YES;
				GCC_WARN_UNINITIALIZED_AUTOS = YES_AGGRESSIVE;
				GCC_WARN_UNUSED_FUNCTION = YES;
				GCC_WARN_UNUSED_VARIABLE = YES;
				IPHONEOS_DEPLOYMENT_TARGET = 17.4;
				LOCALIZATION_PREFERS_STRING_CATALOGS = YES;
				MTL_ENABLE_DEBUG_INFO = NO;
				MTL_FAST_MATH = YES;
				SDKROOT = iphoneos;
				SWIFT_COMPILATION_MODE = wholemodule;
				VALIDATE_PRODUCT = YES;
			};
			name = Release;
		};
		2A33A3E22C4642C900CE3C96 /* Debug */ = {
			isa = XCBuildConfiguration;
			buildSettings = {
				ASSETCATALOG_COMPILER_APPICON_NAME = AppIcon;
				ASSETCATALOG_COMPILER_GLOBAL_ACCENT_COLOR_NAME = AccentColor;
				CODE_SIGN_STYLE = Automatic;
				CURRENT_PROJECT_VERSION = 1;
				DEVELOPMENT_ASSET_PATHS = "\"NoteNest/Preview Content\"";
				DEVELOPMENT_TEAM = VRVJ9YNRQU;
				ENABLE_PREVIEWS = YES;
				GENERATE_INFOPLIST_FILE = YES;
				INFOPLIST_KEY_UIApplicationSceneManifest_Generation = YES;
				INFOPLIST_KEY_UIApplicationSupportsIndirectInputEvents = YES;
				INFOPLIST_KEY_UILaunchScreen_Generation = YES;
				INFOPLIST_KEY_UISupportedInterfaceOrientations_iPad = "UIInterfaceOrientationPortrait UIInterfaceOrientationPortraitUpsideDown UIInterfaceOrientationLandscapeLeft UIInterfaceOrientationLandscapeRight";
				INFOPLIST_KEY_UISupportedInterfaceOrientations_iPhone = "UIInterfaceOrientationPortrait UIInterfaceOrientationLandscapeLeft UIInterfaceOrientationLandscapeRight";
				LD_RUNPATH_SEARCH_PATHS = (
					"$(inherited)",
					"@executable_path/Frameworks",
				);
				MARKETING_VERSION = 1.0;
				PRODUCT_BUNDLE_IDENTIFIER = com.photoigor.NoteNest;
				PRODUCT_NAME = "$(TARGET_NAME)";
				SWIFT_EMIT_LOC_STRINGS = YES;
				SWIFT_VERSION = 5.0;
				TARGETED_DEVICE_FAMILY = "1,2";
			};
			name = Debug;
		};
		2A33A3E32C4642C900CE3C96 /* Release */ = {
			isa = XCBuildConfiguration;
			buildSettings = {
				ASSETCATALOG_COMPILER_APPICON_NAME = AppIcon;
				ASSETCATALOG_COMPILER_GLOBAL_ACCENT_COLOR_NAME = AccentColor;
				CODE_SIGN_STYLE = Automatic;
				CURRENT_PROJECT_VERSION = 1;
				DEVELOPMENT_ASSET_PATHS = "\"NoteNest/Preview Content\"";
				DEVELOPMENT_TEAM = VRVJ9YNRQU;
				ENABLE_PREVIEWS = YES;
				GENERATE_INFOPLIST_FILE = YES;
				INFOPLIST_KEY_UIApplicationSceneManifest_Generation = YES;
				INFOPLIST_KEY_UIApplicationSupportsIndirectInputEvents = YES;
				INFOPLIST_KEY_UILaunchScreen_Generation = YES;
				INFOPLIST_KEY_UISupportedInterfaceOrientations_iPad = "UIInterfaceOrientationPortrait UIInterfaceOrientationPortraitUpsideDown UIInterfaceOrientationLandscapeLeft UIInterfaceOrientationLandscapeRight";
				INFOPLIST_KEY_UISupportedInterfaceOrientations_iPhone = "UIInterfaceOrientationPortrait UIInterfaceOrientationLandscapeLeft UIInterfaceOrientationLandscapeRight";
				LD_RUNPATH_SEARCH_PATHS = (
					"$(inherited)",
					"@executable_path/Frameworks",
				);
				MARKETING_VERSION = 1.0;
				PRODUCT_BUNDLE_IDENTIFIER = com.photoigor.NoteNest;
				PRODUCT_NAME = "$(TARGET_NAME)";
				SWIFT_EMIT_LOC_STRINGS = YES;
				SWIFT_VERSION = 5.0;
				TARGETED_DEVICE_FAMILY = "1,2";
			};
			name = Release;
		};
/* End XCBuildConfiguration section */

/* Begin XCConfigurationList section */
		2A33A3CE2C4642C700CE3C96 /* Build configuration list for PBXProject "NoteNest" */ = {
			isa = XCConfigurationList;
			buildConfigurations = (
				2A33A3DF2C4642C900CE3C96 /* Debug */,
				2A33A3E02C4642C900CE3C96 /* Release */,
			);
			defaultConfigurationIsVisible = 0;
			defaultConfigurationName = Release;
		};
		2A33A3E12C4642C900CE3C96 /* Build configuration list for PBXNativeTarget "NoteNest" */ = {
			isa = XCConfigurationList;
			buildConfigurations = (
				2A33A3E22C4642C900CE3C96 /* Debug */,
				2A33A3E32C4642C900CE3C96 /* Release */,
			);
			defaultConfigurationIsVisible = 0;
			defaultConfigurationName = Release;
		};
/* End XCConfigurationList section */

/* Begin XCRemoteSwiftPackageReference section */
		2A324D912C464B7E008E7EB6 /* XCRemoteSwiftPackageReference "swift-imrx" */ = {
			isa = XCRemoteSwiftPackageReference;
			repositoryURL = "https://github.com/igor1309/swift-imrx";
			requirement = {
				branch = main;
				kind = branch;
			};
		};
		2A324DB32C465EFF008E7EB6 /* XCRemoteSwiftPackageReference "combine-schedulers" */ = {
			isa = XCRemoteSwiftPackageReference;
			repositoryURL = "https://github.com/pointfreeco/combine-schedulers.git";
			requirement = {
				kind = upToNextMajorVersion;
				minimumVersion = 1.0.0;
			};
		};
/* End XCRemoteSwiftPackageReference section */

/* Begin XCSwiftPackageProductDependency section */
		2A324D8D2C464975008E7EB6 /* UIPrimitives */ = {
			isa = XCSwiftPackageProductDependency;
			productName = UIPrimitives;
		};
		2A324D922C464B7E008E7EB6 /* IMRx */ = {
			isa = XCSwiftPackageProductDependency;
			package = 2A324D912C464B7E008E7EB6 /* XCRemoteSwiftPackageReference "swift-imrx" */;
			productName = IMRx;
		};
		2A324D942C464B7E008E7EB6 /* IMTools */ = {
			isa = XCSwiftPackageProductDependency;
			package = 2A324D912C464B7E008E7EB6 /* XCRemoteSwiftPackageReference "swift-imrx" */;
			productName = IMTools;
		};
		2A324DB42C465EFF008E7EB6 /* CombineSchedulers */ = {
			isa = XCSwiftPackageProductDependency;
			package = 2A324DB32C465EFF008E7EB6 /* XCRemoteSwiftPackageReference "combine-schedulers" */;
			productName = CombineSchedulers;
		};
/* End XCSwiftPackageProductDependency section */
	};
	rootObject = 2A33A3CB2C4642C700CE3C96 /* Project object */;
}
