// !$*UTF8*$!
{
	archiveVersion = 1;
	classes = {
	};
	objectVersion = 56;
	objects = {

/* Begin PBXBuildFile section */
		2A0C033E2C4BA3DE00DC8179 /* Cache in Frameworks */ = {isa = PBXBuildFile; productRef = 2A0C033D2C4BA3DE00DC8179 /* Cache */; };
		2A1E993A2C4B765100599C74 /* CacheInfra in Frameworks */ = {isa = PBXBuildFile; productRef = 2A1E99392C4B765100599C74 /* CacheInfra */; };
		2A1E993C2C4B765100599C74 /* EntryEditorFeature in Frameworks */ = {isa = PBXBuildFile; productRef = 2A1E993B2C4B765100599C74 /* EntryEditorFeature */; };
		2A1E993E2C4B765100599C74 /* EntryFilterFeature in Frameworks */ = {isa = PBXBuildFile; productRef = 2A1E993D2C4B765100599C74 /* EntryFilterFeature */; };
		2A1E99402C4B765100599C74 /* EntryListFeature in Frameworks */ = {isa = PBXBuildFile; productRef = 2A1E993F2C4B765100599C74 /* EntryListFeature */; };
		2A1E99422C4B765100599C74 /* SortBuilderFeature in Frameworks */ = {isa = PBXBuildFile; productRef = 2A1E99412C4B765100599C74 /* SortBuilderFeature */; };
		2A1E99462C4B765100599C74 /* UIPrimitives in Frameworks */ = {isa = PBXBuildFile; productRef = 2A1E99452C4B765100599C74 /* UIPrimitives */; };
		2A324D932C464B7E008E7EB6 /* IMRx in Frameworks */ = {isa = PBXBuildFile; productRef = 2A324D922C464B7E008E7EB6 /* IMRx */; };
		2A324D952C464B7E008E7EB6 /* IMTools in Frameworks */ = {isa = PBXBuildFile; productRef = 2A324D942C464B7E008E7EB6 /* IMTools */; };
		2A324DB52C465EFF008E7EB6 /* CombineSchedulers in Frameworks */ = {isa = PBXBuildFile; productRef = 2A324DB42C465EFF008E7EB6 /* CombineSchedulers */; };
		2A6E08662C4CCBA500E72AA3 /* CacheCoordinatorsComposerAcceptanceTests.swift in Sources */ = {isa = PBXBuildFile; fileRef = 2A6E08652C4CCBA500E72AA3 /* CacheCoordinatorsComposerAcceptanceTests.swift */; };
		2A6E08682C4CD12500E72AA3 /* assertThrowsAsyncError.swift in Sources */ = {isa = PBXBuildFile; fileRef = 2A6E08672C4CD12500E72AA3 /* assertThrowsAsyncError.swift */; };
		2A6E086C2C4CD91800E72AA3 /* anyMessage.swift in Sources */ = {isa = PBXBuildFile; fileRef = 2A6E086B2C4CD91800E72AA3 /* anyMessage.swift */; };
		2A6E086E2C4CE88500E72AA3 /* CacheCoordinatorsComposer.swift in Sources */ = {isa = PBXBuildFile; fileRef = 2A6E086D2C4CE88500E72AA3 /* CacheCoordinatorsComposer.swift */; };
		2A6E08702C4CE8F600E72AA3 /* EntryPayload.swift in Sources */ = {isa = PBXBuildFile; fileRef = 2A6E086F2C4CE8F600E72AA3 /* EntryPayload.swift */; };
		2AA27D062C48198B0032FA1F /* EntryListEffectHandlerMicroServicesComposer.swift in Sources */ = {isa = PBXBuildFile; fileRef = 2AA27CE32C48198B0032FA1F /* EntryListEffectHandlerMicroServicesComposer.swift */; };
		2AA27D072C48198B0032FA1F /* EntryListModelComposer.swift in Sources */ = {isa = PBXBuildFile; fileRef = 2AA27CE42C48198B0032FA1F /* EntryListModelComposer.swift */; };
		2AA27D082C48198B0032FA1F /* ListFlowViewComposer.swift in Sources */ = {isa = PBXBuildFile; fileRef = 2AA27CE52C48198B0032FA1F /* ListFlowViewComposer.swift */; };
		2AA27D092C48198B0032FA1F /* Entry.swift in Sources */ = {isa = PBXBuildFile; fileRef = 2AA27CE72C48198B0032FA1F /* Entry.swift */; };
		2AA27D0A2C48198B0032FA1F /* DispatchQueue+delay.swift in Sources */ = {isa = PBXBuildFile; fileRef = 2AA27CE92C48198B0032FA1F /* DispatchQueue+delay.swift */; };
		2AA27D0B2C48198B0032FA1F /* EntryDetailView.swift in Sources */ = {isa = PBXBuildFile; fileRef = 2AA27CEB2C48198B0032FA1F /* EntryDetailView.swift */; };
		2AA27D0C2C48198B0032FA1F /* EntryEditorWrapperView.swift in Sources */ = {isa = PBXBuildFile; fileRef = 2AA27CED2C48198B0032FA1F /* EntryEditorWrapperView.swift */; };
		2AA27D0D2C48198B0032FA1F /* Entry+tagsString.swift in Sources */ = {isa = PBXBuildFile; fileRef = 2AA27CEF2C48198B0032FA1F /* Entry+tagsString.swift */; };
		2AA27D0E2C48198B0032FA1F /* EntryRowLabel.swift in Sources */ = {isa = PBXBuildFile; fileRef = 2AA27CF02C48198B0032FA1F /* EntryRowLabel.swift */; };
		2AA27D0F2C48198B0032FA1F /* ListFlowEffect.swift in Sources */ = {isa = PBXBuildFile; fileRef = 2AA27CF22C48198B0032FA1F /* ListFlowEffect.swift */; };
		2AA27D102C48198B0032FA1F /* ListFlowEffectHandler.swift in Sources */ = {isa = PBXBuildFile; fileRef = 2AA27CF32C48198B0032FA1F /* ListFlowEffectHandler.swift */; };
		2AA27D112C48198B0032FA1F /* ListFlowEvent.swift in Sources */ = {isa = PBXBuildFile; fileRef = 2AA27CF42C48198B0032FA1F /* ListFlowEvent.swift */; };
		2AA27D122C48198B0032FA1F /* ListFlowViewFactory.swift in Sources */ = {isa = PBXBuildFile; fileRef = 2AA27CF52C48198B0032FA1F /* ListFlowViewFactory.swift */; };
		2AA27D132C48198B0032FA1F /* ListFlowModel.swift in Sources */ = {isa = PBXBuildFile; fileRef = 2AA27CF62C48198B0032FA1F /* ListFlowModel.swift */; };
		2AA27D142C48198B0032FA1F /* ListFlowReducer.swift in Sources */ = {isa = PBXBuildFile; fileRef = 2AA27CF72C48198B0032FA1F /* ListFlowReducer.swift */; };
		2AA27D152C48198B0032FA1F /* ListFlowState.swift in Sources */ = {isa = PBXBuildFile; fileRef = 2AA27CF82C48198B0032FA1F /* ListFlowState.swift */; };
		2AA27D162C48198B0032FA1F /* ListFlowView.swift in Sources */ = {isa = PBXBuildFile; fileRef = 2AA27CF92C48198B0032FA1F /* ListFlowView.swift */; };
		2AA27D172C48198B0032FA1F /* [Entry]+preview.swift in Sources */ = {isa = PBXBuildFile; fileRef = 2AA27CFB2C48198B0032FA1F /* [Entry]+preview.swift */; };
		2AA27D182C48198B0032FA1F /* Entry+preview.swift in Sources */ = {isa = PBXBuildFile; fileRef = 2AA27CFC2C48198B0032FA1F /* Entry+preview.swift */; };
		2AA27D192C48198B0032FA1F /* EntryListModel+preview.swift in Sources */ = {isa = PBXBuildFile; fileRef = 2AA27CFD2C48198B0032FA1F /* EntryListModel+preview.swift */; };
		2AA27D1A2C48198B0032FA1F /* ListFlowFactory+preview.swift in Sources */ = {isa = PBXBuildFile; fileRef = 2AA27CFE2C48198B0032FA1F /* ListFlowFactory+preview.swift */; };
		2AA27D1B2C48198B0032FA1F /* ListFlowModel+preview.swift in Sources */ = {isa = PBXBuildFile; fileRef = 2AA27CFF2C48198B0032FA1F /* ListFlowModel+preview.swift */; };
		2AA27D1C2C48198B0032FA1F /* Preview Assets.xcassets in Resources */ = {isa = PBXBuildFile; fileRef = 2AA27D002C48198B0032FA1F /* Preview Assets.xcassets */; };
		2AA27D1D2C48198B0032FA1F /* Assets.xcassets in Resources */ = {isa = PBXBuildFile; fileRef = 2AA27D022C48198B0032FA1F /* Assets.xcassets */; };
		2AA27D1E2C48198B0032FA1F /* ContentView.swift in Sources */ = {isa = PBXBuildFile; fileRef = 2AA27D032C48198B0032FA1F /* ContentView.swift */; };
		2AA27D1F2C48198B0032FA1F /* NoteNestApp.swift in Sources */ = {isa = PBXBuildFile; fileRef = 2AA27D042C48198B0032FA1F /* NoteNestApp.swift */; };
		2AA86A1A2C4A7199009BC197 /* XCTestCase+MemoryLeakTracking.swift in Sources */ = {isa = PBXBuildFile; fileRef = 2AA86A192C4A7198009BC197 /* XCTestCase+MemoryLeakTracking.swift */; };
		2AA86A262C4AB575009BC197 /* anyError.swift in Sources */ = {isa = PBXBuildFile; fileRef = 2AA86A252C4AB575009BC197 /* anyError.swift */; };
		2AA86A292C4AB63F009BC197 /* XCTAssertNoDiff.swift in Sources */ = {isa = PBXBuildFile; fileRef = 2AA86A282C4AB63F009BC197 /* XCTAssertNoDiff.swift */; };
		2AA86A2C2C4AB652009BC197 /* CustomDump in Frameworks */ = {isa = PBXBuildFile; productRef = 2AA86A2B2C4AB652009BC197 /* CustomDump */; };
		2AF8841E2C4D4F7000EF8A8C /* EditorFlowReducerTests.swift in Sources */ = {isa = PBXBuildFile; fileRef = 2AF8841D2C4D4F7000EF8A8C /* EditorFlowReducerTests.swift */; };
		2AF884202C4D594800EF8A8C /* EditorFlowEffectHandlerTests.swift in Sources */ = {isa = PBXBuildFile; fileRef = 2AF8841F2C4D594800EF8A8C /* EditorFlowEffectHandlerTests.swift */; };
		2AF884222C4D5A0A00EF8A8C /* Spy.swift in Sources */ = {isa = PBXBuildFile; fileRef = 2AF884212C4D5A0A00EF8A8C /* Spy.swift */; };
		2AF884252C4D616400EF8A8C /* EditorFlowStateWrapperView.swift in Sources */ = {isa = PBXBuildFile; fileRef = 2AF884242C4D616400EF8A8C /* EditorFlowStateWrapperView.swift */; };
		2AF884272C4D616E00EF8A8C /* EditorFlowComposerView.swift in Sources */ = {isa = PBXBuildFile; fileRef = 2AF884262C4D616E00EF8A8C /* EditorFlowComposerView.swift */; };
		2AF884292C4D61E200EF8A8C /* EditorFlowModel.swift in Sources */ = {isa = PBXBuildFile; fileRef = 2AF884282C4D61E200EF8A8C /* EditorFlowModel.swift */; };
		2AF8842B2C4D624300EF8A8C /* EditorFlowState.swift in Sources */ = {isa = PBXBuildFile; fileRef = 2AF8842A2C4D624300EF8A8C /* EditorFlowState.swift */; };
		2AF8842D2C4D626B00EF8A8C /* EditorFlowEvent.swift in Sources */ = {isa = PBXBuildFile; fileRef = 2AF8842C2C4D626B00EF8A8C /* EditorFlowEvent.swift */; };
		2AF8842F2C4D628B00EF8A8C /* EditorFlowEffect.swift in Sources */ = {isa = PBXBuildFile; fileRef = 2AF8842E2C4D628B00EF8A8C /* EditorFlowEffect.swift */; };
		2AF884332C4D62C700EF8A8C /* EditorFlowReducer.swift in Sources */ = {isa = PBXBuildFile; fileRef = 2AF884322C4D62C700EF8A8C /* EditorFlowReducer.swift */; };
		2AF884352C4D62F700EF8A8C /* EditorFlowEffectHandler.swift in Sources */ = {isa = PBXBuildFile; fileRef = 2AF884342C4D62F700EF8A8C /* EditorFlowEffectHandler.swift */; };
		2AF884382C4D666A00EF8A8C /* FlowReducerTest.swift in Sources */ = {isa = PBXBuildFile; fileRef = 2AF884372C4D666A00EF8A8C /* FlowReducerTest.swift */; };
		2AF8843A2C4D69CB00EF8A8C /* ReducerSpy.swift in Sources */ = {isa = PBXBuildFile; fileRef = 2AF884392C4D69CB00EF8A8C /* ReducerSpy.swift */; };
		2AF8843D2C4D716300EF8A8C /* FlowState.swift in Sources */ = {isa = PBXBuildFile; fileRef = 2AF8843C2C4D716300EF8A8C /* FlowState.swift */; };
		2AF8843F2C4D718100EF8A8C /* FlowEvent.swift in Sources */ = {isa = PBXBuildFile; fileRef = 2AF8843E2C4D718100EF8A8C /* FlowEvent.swift */; };
		2AF884412C4D719800EF8A8C /* FlowEffect.swift in Sources */ = {isa = PBXBuildFile; fileRef = 2AF884402C4D719800EF8A8C /* FlowEffect.swift */; };
		2AF884432C4D71AA00EF8A8C /* FlowReducer.swift in Sources */ = {isa = PBXBuildFile; fileRef = 2AF884422C4D71AA00EF8A8C /* FlowReducer.swift */; };
/* End PBXBuildFile section */

/* Begin PBXContainerItemProxy section */
		2AA86A0F2C4A709E009BC197 /* PBXContainerItemProxy */ = {
			isa = PBXContainerItemProxy;
			containerPortal = 2A33A3CB2C4642C700CE3C96 /* Project object */;
			proxyType = 1;
			remoteGlobalIDString = 2A33A3D22C4642C700CE3C96;
			remoteInfo = MemoNest;
		};
/* End PBXContainerItemProxy section */

/* Begin PBXFileReference section */
		2A0468692C494C0800C90DA7 /* SortBuilderFeature.xctestplan */ = {isa = PBXFileReference; lastKnownFileType = text; name = SortBuilderFeature.xctestplan; path = TestPlans/SortBuilderFeature.xctestplan; sourceTree = "<group>"; };
		2A0C033F2C4BA45E00DC8179 /* Cache.xctestplan */ = {isa = PBXFileReference; lastKnownFileType = text; name = Cache.xctestplan; path = TestPlans/Cache.xctestplan; sourceTree = "<group>"; };
		2A1E99382C4B761E00599C74 /* swift-memo-nest */ = {isa = PBXFileReference; lastKnownFileType = wrapper; name = "swift-memo-nest"; path = ..; sourceTree = "<group>"; };
		2A2415CA2C4782870099B836 /* swift-note-nest-Package.xctestplan */ = {isa = PBXFileReference; lastKnownFileType = text; name = "swift-note-nest-Package.xctestplan"; path = "TestPlans/swift-note-nest-Package.xctestplan"; sourceTree = "<group>"; };
		2A33A3D32C4642C700CE3C96 /* MemoNest.app */ = {isa = PBXFileReference; explicitFileType = wrapper.application; includeInIndex = 0; path = MemoNest.app; sourceTree = BUILT_PRODUCTS_DIR; };
		2A36E5AE2C468E5D0015BA96 /* EntryListFeature.xctestplan */ = {isa = PBXFileReference; lastKnownFileType = text; name = EntryListFeature.xctestplan; path = TestPlans/EntryListFeature.xctestplan; sourceTree = "<group>"; };
		2A6E08652C4CCBA500E72AA3 /* CacheCoordinatorsComposerAcceptanceTests.swift */ = {isa = PBXFileReference; lastKnownFileType = sourcecode.swift; path = CacheCoordinatorsComposerAcceptanceTests.swift; sourceTree = "<group>"; };
		2A6E08672C4CD12500E72AA3 /* assertThrowsAsyncError.swift */ = {isa = PBXFileReference; fileEncoding = 4; lastKnownFileType = sourcecode.swift; path = assertThrowsAsyncError.swift; sourceTree = "<group>"; };
		2A6E086B2C4CD91800E72AA3 /* anyMessage.swift */ = {isa = PBXFileReference; fileEncoding = 4; lastKnownFileType = sourcecode.swift; path = anyMessage.swift; sourceTree = "<group>"; };
		2A6E086D2C4CE88500E72AA3 /* CacheCoordinatorsComposer.swift */ = {isa = PBXFileReference; lastKnownFileType = sourcecode.swift; path = CacheCoordinatorsComposer.swift; sourceTree = "<group>"; };
		2A6E086F2C4CE8F600E72AA3 /* EntryPayload.swift */ = {isa = PBXFileReference; lastKnownFileType = sourcecode.swift; path = EntryPayload.swift; sourceTree = "<group>"; };
		2A87153D2C4955B5003B8FF6 /* EntryFilterFeature.xctestplan */ = {isa = PBXFileReference; lastKnownFileType = text; name = EntryFilterFeature.xctestplan; path = TestPlans/EntryFilterFeature.xctestplan; sourceTree = "<group>"; };
		2AA27CE32C48198B0032FA1F /* EntryListEffectHandlerMicroServicesComposer.swift */ = {isa = PBXFileReference; fileEncoding = 4; lastKnownFileType = sourcecode.swift; path = EntryListEffectHandlerMicroServicesComposer.swift; sourceTree = "<group>"; };
		2AA27CE42C48198B0032FA1F /* EntryListModelComposer.swift */ = {isa = PBXFileReference; fileEncoding = 4; lastKnownFileType = sourcecode.swift; path = EntryListModelComposer.swift; sourceTree = "<group>"; };
		2AA27CE52C48198B0032FA1F /* ListFlowViewComposer.swift */ = {isa = PBXFileReference; fileEncoding = 4; lastKnownFileType = sourcecode.swift; path = ListFlowViewComposer.swift; sourceTree = "<group>"; };
		2AA27CE72C48198B0032FA1F /* Entry.swift */ = {isa = PBXFileReference; fileEncoding = 4; lastKnownFileType = sourcecode.swift; path = Entry.swift; sourceTree = "<group>"; };
		2AA27CE92C48198B0032FA1F /* DispatchQueue+delay.swift */ = {isa = PBXFileReference; fileEncoding = 4; lastKnownFileType = sourcecode.swift; path = "DispatchQueue+delay.swift"; sourceTree = "<group>"; };
		2AA27CEB2C48198B0032FA1F /* EntryDetailView.swift */ = {isa = PBXFileReference; fileEncoding = 4; lastKnownFileType = sourcecode.swift; path = EntryDetailView.swift; sourceTree = "<group>"; };
		2AA27CED2C48198B0032FA1F /* EntryEditorWrapperView.swift */ = {isa = PBXFileReference; fileEncoding = 4; lastKnownFileType = sourcecode.swift; path = EntryEditorWrapperView.swift; sourceTree = "<group>"; };
		2AA27CEF2C48198B0032FA1F /* Entry+tagsString.swift */ = {isa = PBXFileReference; fileEncoding = 4; lastKnownFileType = sourcecode.swift; path = "Entry+tagsString.swift"; sourceTree = "<group>"; };
		2AA27CF02C48198B0032FA1F /* EntryRowLabel.swift */ = {isa = PBXFileReference; fileEncoding = 4; lastKnownFileType = sourcecode.swift; path = EntryRowLabel.swift; sourceTree = "<group>"; };
		2AA27CF22C48198B0032FA1F /* ListFlowEffect.swift */ = {isa = PBXFileReference; fileEncoding = 4; lastKnownFileType = sourcecode.swift; path = ListFlowEffect.swift; sourceTree = "<group>"; };
		2AA27CF32C48198B0032FA1F /* ListFlowEffectHandler.swift */ = {isa = PBXFileReference; fileEncoding = 4; lastKnownFileType = sourcecode.swift; path = ListFlowEffectHandler.swift; sourceTree = "<group>"; };
		2AA27CF42C48198B0032FA1F /* ListFlowEvent.swift */ = {isa = PBXFileReference; fileEncoding = 4; lastKnownFileType = sourcecode.swift; path = ListFlowEvent.swift; sourceTree = "<group>"; };
		2AA27CF52C48198B0032FA1F /* ListFlowViewFactory.swift */ = {isa = PBXFileReference; fileEncoding = 4; lastKnownFileType = sourcecode.swift; path = ListFlowViewFactory.swift; sourceTree = "<group>"; };
		2AA27CF62C48198B0032FA1F /* ListFlowModel.swift */ = {isa = PBXFileReference; fileEncoding = 4; lastKnownFileType = sourcecode.swift; path = ListFlowModel.swift; sourceTree = "<group>"; };
		2AA27CF72C48198B0032FA1F /* ListFlowReducer.swift */ = {isa = PBXFileReference; fileEncoding = 4; lastKnownFileType = sourcecode.swift; path = ListFlowReducer.swift; sourceTree = "<group>"; };
		2AA27CF82C48198B0032FA1F /* ListFlowState.swift */ = {isa = PBXFileReference; fileEncoding = 4; lastKnownFileType = sourcecode.swift; path = ListFlowState.swift; sourceTree = "<group>"; };
		2AA27CF92C48198B0032FA1F /* ListFlowView.swift */ = {isa = PBXFileReference; fileEncoding = 4; lastKnownFileType = sourcecode.swift; path = ListFlowView.swift; sourceTree = "<group>"; };
		2AA27CFB2C48198B0032FA1F /* [Entry]+preview.swift */ = {isa = PBXFileReference; fileEncoding = 4; lastKnownFileType = sourcecode.swift; path = "[Entry]+preview.swift"; sourceTree = "<group>"; };
		2AA27CFC2C48198B0032FA1F /* Entry+preview.swift */ = {isa = PBXFileReference; fileEncoding = 4; lastKnownFileType = sourcecode.swift; path = "Entry+preview.swift"; sourceTree = "<group>"; };
		2AA27CFD2C48198B0032FA1F /* EntryListModel+preview.swift */ = {isa = PBXFileReference; fileEncoding = 4; lastKnownFileType = sourcecode.swift; path = "EntryListModel+preview.swift"; sourceTree = "<group>"; };
		2AA27CFE2C48198B0032FA1F /* ListFlowFactory+preview.swift */ = {isa = PBXFileReference; fileEncoding = 4; lastKnownFileType = sourcecode.swift; path = "ListFlowFactory+preview.swift"; sourceTree = "<group>"; };
		2AA27CFF2C48198B0032FA1F /* ListFlowModel+preview.swift */ = {isa = PBXFileReference; fileEncoding = 4; lastKnownFileType = sourcecode.swift; path = "ListFlowModel+preview.swift"; sourceTree = "<group>"; };
		2AA27D002C48198B0032FA1F /* Preview Assets.xcassets */ = {isa = PBXFileReference; lastKnownFileType = folder.assetcatalog; path = "Preview Assets.xcassets"; sourceTree = "<group>"; };
		2AA27D022C48198B0032FA1F /* Assets.xcassets */ = {isa = PBXFileReference; lastKnownFileType = folder.assetcatalog; path = Assets.xcassets; sourceTree = "<group>"; };
		2AA27D032C48198B0032FA1F /* ContentView.swift */ = {isa = PBXFileReference; fileEncoding = 4; lastKnownFileType = sourcecode.swift; path = ContentView.swift; sourceTree = "<group>"; };
		2AA27D042C48198B0032FA1F /* NoteNestApp.swift */ = {isa = PBXFileReference; fileEncoding = 4; lastKnownFileType = sourcecode.swift; path = NoteNestApp.swift; sourceTree = "<group>"; };
		2AA784452C4B7B30007A127D /* Info.plist */ = {isa = PBXFileReference; lastKnownFileType = text.plist; path = Info.plist; sourceTree = "<group>"; };
		2AA86A062C4A5135009BC197 /* CacheInfra.xctestplan */ = {isa = PBXFileReference; lastKnownFileType = text; name = CacheInfra.xctestplan; path = TestPlans/CacheInfra.xctestplan; sourceTree = "<group>"; };
		2AA86A0B2C4A709E009BC197 /* MemoNestTests.xctest */ = {isa = PBXFileReference; explicitFileType = wrapper.cfbundle; includeInIndex = 0; path = MemoNestTests.xctest; sourceTree = BUILT_PRODUCTS_DIR; };
		2AA86A192C4A7198009BC197 /* XCTestCase+MemoryLeakTracking.swift */ = {isa = PBXFileReference; fileEncoding = 4; lastKnownFileType = sourcecode.swift; path = "XCTestCase+MemoryLeakTracking.swift"; sourceTree = "<group>"; };
		2AA86A242C4A74BC009BC197 /* iOS-CI.xctestplan */ = {isa = PBXFileReference; lastKnownFileType = text; name = "iOS-CI.xctestplan"; path = "TestPlans/iOS-CI.xctestplan"; sourceTree = "<group>"; };
		2AA86A252C4AB575009BC197 /* anyError.swift */ = {isa = PBXFileReference; fileEncoding = 4; lastKnownFileType = sourcecode.swift; path = anyError.swift; sourceTree = "<group>"; };
		2AA86A282C4AB63F009BC197 /* XCTAssertNoDiff.swift */ = {isa = PBXFileReference; fileEncoding = 4; lastKnownFileType = sourcecode.swift; path = XCTAssertNoDiff.swift; sourceTree = "<group>"; };
		2ABB5CD62C46BAAB00D6822C /* MemoNest.xctestplan */ = {isa = PBXFileReference; lastKnownFileType = text; name = MemoNest.xctestplan; path = TestPlans/MemoNest.xctestplan; sourceTree = "<group>"; };
		2AF8841D2C4D4F7000EF8A8C /* EditorFlowReducerTests.swift */ = {isa = PBXFileReference; lastKnownFileType = sourcecode.swift; path = EditorFlowReducerTests.swift; sourceTree = "<group>"; };
		2AF8841F2C4D594800EF8A8C /* EditorFlowEffectHandlerTests.swift */ = {isa = PBXFileReference; lastKnownFileType = sourcecode.swift; path = EditorFlowEffectHandlerTests.swift; sourceTree = "<group>"; };
		2AF884212C4D5A0A00EF8A8C /* Spy.swift */ = {isa = PBXFileReference; fileEncoding = 4; lastKnownFileType = sourcecode.swift; path = Spy.swift; sourceTree = "<group>"; };
		2AF884242C4D616400EF8A8C /* EditorFlowStateWrapperView.swift */ = {isa = PBXFileReference; lastKnownFileType = sourcecode.swift; path = EditorFlowStateWrapperView.swift; sourceTree = "<group>"; };
		2AF884262C4D616E00EF8A8C /* EditorFlowComposerView.swift */ = {isa = PBXFileReference; lastKnownFileType = sourcecode.swift; path = EditorFlowComposerView.swift; sourceTree = "<group>"; };
		2AF884282C4D61E200EF8A8C /* EditorFlowModel.swift */ = {isa = PBXFileReference; lastKnownFileType = sourcecode.swift; path = EditorFlowModel.swift; sourceTree = "<group>"; };
		2AF8842A2C4D624300EF8A8C /* EditorFlowState.swift */ = {isa = PBXFileReference; lastKnownFileType = sourcecode.swift; path = EditorFlowState.swift; sourceTree = "<group>"; };
		2AF8842C2C4D626B00EF8A8C /* EditorFlowEvent.swift */ = {isa = PBXFileReference; lastKnownFileType = sourcecode.swift; path = EditorFlowEvent.swift; sourceTree = "<group>"; };
		2AF8842E2C4D628B00EF8A8C /* EditorFlowEffect.swift */ = {isa = PBXFileReference; lastKnownFileType = sourcecode.swift; path = EditorFlowEffect.swift; sourceTree = "<group>"; };
		2AF884322C4D62C700EF8A8C /* EditorFlowReducer.swift */ = {isa = PBXFileReference; lastKnownFileType = sourcecode.swift; path = EditorFlowReducer.swift; sourceTree = "<group>"; };
		2AF884342C4D62F700EF8A8C /* EditorFlowEffectHandler.swift */ = {isa = PBXFileReference; lastKnownFileType = sourcecode.swift; path = EditorFlowEffectHandler.swift; sourceTree = "<group>"; };
		2AF884372C4D666A00EF8A8C /* FlowReducerTest.swift */ = {isa = PBXFileReference; lastKnownFileType = sourcecode.swift; path = FlowReducerTest.swift; sourceTree = "<group>"; };
		2AF884392C4D69CB00EF8A8C /* ReducerSpy.swift */ = {isa = PBXFileReference; lastKnownFileType = sourcecode.swift; path = ReducerSpy.swift; sourceTree = "<group>"; };
		2AF8843C2C4D716300EF8A8C /* FlowState.swift */ = {isa = PBXFileReference; lastKnownFileType = sourcecode.swift; path = FlowState.swift; sourceTree = "<group>"; };
		2AF8843E2C4D718100EF8A8C /* FlowEvent.swift */ = {isa = PBXFileReference; lastKnownFileType = sourcecode.swift; path = FlowEvent.swift; sourceTree = "<group>"; };
		2AF884402C4D719800EF8A8C /* FlowEffect.swift */ = {isa = PBXFileReference; lastKnownFileType = sourcecode.swift; path = FlowEffect.swift; sourceTree = "<group>"; };
		2AF884422C4D71AA00EF8A8C /* FlowReducer.swift */ = {isa = PBXFileReference; lastKnownFileType = sourcecode.swift; path = FlowReducer.swift; sourceTree = "<group>"; };
/* End PBXFileReference section */

/* Begin PBXFrameworksBuildPhase section */
		2A33A3D02C4642C700CE3C96 /* Frameworks */ = {
			isa = PBXFrameworksBuildPhase;
			buildActionMask = 2147483647;
			files = (
				2A0C033E2C4BA3DE00DC8179 /* Cache in Frameworks */,
				2A1E993E2C4B765100599C74 /* EntryFilterFeature in Frameworks */,
				2A324DB52C465EFF008E7EB6 /* CombineSchedulers in Frameworks */,
				2A324D952C464B7E008E7EB6 /* IMTools in Frameworks */,
				2A1E993C2C4B765100599C74 /* EntryEditorFeature in Frameworks */,
				2A1E99462C4B765100599C74 /* UIPrimitives in Frameworks */,
				2A1E993A2C4B765100599C74 /* CacheInfra in Frameworks */,
				2A1E99422C4B765100599C74 /* SortBuilderFeature in Frameworks */,
				2A324D932C464B7E008E7EB6 /* IMRx in Frameworks */,
				2A1E99402C4B765100599C74 /* EntryListFeature in Frameworks */,
			);
			runOnlyForDeploymentPostprocessing = 0;
		};
		2AA86A082C4A709E009BC197 /* Frameworks */ = {
			isa = PBXFrameworksBuildPhase;
			buildActionMask = 2147483647;
			files = (
				2AA86A2C2C4AB652009BC197 /* CustomDump in Frameworks */,
			);
			runOnlyForDeploymentPostprocessing = 0;
		};
/* End PBXFrameworksBuildPhase section */

/* Begin PBXGroup section */
		2A324D8A2C464913008E7EB6 /* Frameworks */ = {
			isa = PBXGroup;
			children = (
			);
			name = Frameworks;
			sourceTree = "<group>";
		};
		2A33A3CA2C4642C700CE3C96 = {
			isa = PBXGroup;
			children = (
				2A1E99382C4B761E00599C74 /* swift-memo-nest */,
				2A36E5AF2C468E670015BA96 /* TestPlans */,
				2AA27D052C48198B0032FA1F /* MemoNest */,
				2AA86A0C2C4A709E009BC197 /* MemoNestTests */,
				2A33A3D42C4642C700CE3C96 /* Products */,
				2A324D8A2C464913008E7EB6 /* Frameworks */,
			);
			sourceTree = "<group>";
		};
		2A33A3D42C4642C700CE3C96 /* Products */ = {
			isa = PBXGroup;
			children = (
				2A33A3D32C4642C700CE3C96 /* MemoNest.app */,
				2AA86A0B2C4A709E009BC197 /* MemoNestTests.xctest */,
			);
			name = Products;
			sourceTree = "<group>";
		};
		2A36E5AF2C468E670015BA96 /* TestPlans */ = {
			isa = PBXGroup;
			children = (
				2ABB5CD62C46BAAB00D6822C /* MemoNest.xctestplan */,
				2AA86A242C4A74BC009BC197 /* iOS-CI.xctestplan */,
				2A2415CA2C4782870099B836 /* swift-note-nest-Package.xctestplan */,
				2A0C033F2C4BA45E00DC8179 /* Cache.xctestplan */,
				2AA86A062C4A5135009BC197 /* CacheInfra.xctestplan */,
				2A87153D2C4955B5003B8FF6 /* EntryFilterFeature.xctestplan */,
				2A36E5AE2C468E5D0015BA96 /* EntryListFeature.xctestplan */,
				2A0468692C494C0800C90DA7 /* SortBuilderFeature.xctestplan */,
			);
			name = TestPlans;
			sourceTree = "<group>";
		};
		2A6E08712C4CE91500E72AA3 /* Cache */ = {
			isa = PBXGroup;
			children = (
				2A6E086D2C4CE88500E72AA3 /* CacheCoordinatorsComposer.swift */,
				2A6E086F2C4CE8F600E72AA3 /* EntryPayload.swift */,
			);
			path = Cache;
			sourceTree = "<group>";
		};
		2AA27CE62C48198B0032FA1F /* CompositionRoot */ = {
			isa = PBXGroup;
			children = (
				2AA27CE32C48198B0032FA1F /* EntryListEffectHandlerMicroServicesComposer.swift */,
				2AA27CE42C48198B0032FA1F /* EntryListModelComposer.swift */,
				2AA27CE52C48198B0032FA1F /* ListFlowViewComposer.swift */,
				2A6E08712C4CE91500E72AA3 /* Cache */,
			);
			path = CompositionRoot;
			sourceTree = "<group>";
		};
		2AA27CE82C48198B0032FA1F /* Domain */ = {
			isa = PBXGroup;
			children = (
				2AA27CE72C48198B0032FA1F /* Entry.swift */,
			);
			path = Domain;
			sourceTree = "<group>";
		};
		2AA27CEA2C48198B0032FA1F /* Helpers */ = {
			isa = PBXGroup;
			children = (
				2AA27CE92C48198B0032FA1F /* DispatchQueue+delay.swift */,
			);
			path = Helpers;
			sourceTree = "<group>";
		};
		2AA27CEC2C48198B0032FA1F /* EntryDetailView */ = {
			isa = PBXGroup;
			children = (
				2AA27CEB2C48198B0032FA1F /* EntryDetailView.swift */,
			);
			path = EntryDetailView;
			sourceTree = "<group>";
		};
		2AA27CEE2C48198B0032FA1F /* EntryEditor */ = {
			isa = PBXGroup;
			children = (
				2AA27CED2C48198B0032FA1F /* EntryEditorWrapperView.swift */,
			);
			path = EntryEditor;
			sourceTree = "<group>";
		};
		2AA27CF12C48198B0032FA1F /* EntryViews */ = {
			isa = PBXGroup;
			children = (
				2AA27CEC2C48198B0032FA1F /* EntryDetailView */,
				2AA27CEE2C48198B0032FA1F /* EntryEditor */,
				2AA27CEF2C48198B0032FA1F /* Entry+tagsString.swift */,
				2AA27CF02C48198B0032FA1F /* EntryRowLabel.swift */,
			);
			path = EntryViews;
			sourceTree = "<group>";
		};
		2AA27CFA2C48198B0032FA1F /* ListFlow */ = {
			isa = PBXGroup;
			children = (
				2AA27CF12C48198B0032FA1F /* EntryViews */,
				2AE934CC2C490864006501A4 /* Domain */,
				2AE934CE2C4908C1006501A4 /* Logic */,
				2AE934CD2C4908B2006501A4 /* UI */,
			);
			path = ListFlow;
			sourceTree = "<group>";
		};
		2AA27D012C48198B0032FA1F /* Preview Content */ = {
			isa = PBXGroup;
			children = (
				2AA27CFB2C48198B0032FA1F /* [Entry]+preview.swift */,
				2AA27CFC2C48198B0032FA1F /* Entry+preview.swift */,
				2AA27CFD2C48198B0032FA1F /* EntryListModel+preview.swift */,
				2AA27CFE2C48198B0032FA1F /* ListFlowFactory+preview.swift */,
				2AA27CFF2C48198B0032FA1F /* ListFlowModel+preview.swift */,
				2AA27D002C48198B0032FA1F /* Preview Assets.xcassets */,
			);
			path = "Preview Content";
			sourceTree = "<group>";
		};
		2AA27D052C48198B0032FA1F /* MemoNest */ = {
			isa = PBXGroup;
			children = (
				2AA784452C4B7B30007A127D /* Info.plist */,
				2AA27D042C48198B0032FA1F /* NoteNestApp.swift */,
				2AF8843B2C4D715900EF8A8C /* Flow */,
				2AF884232C4D614200EF8A8C /* EditorFlow */,
				2AA27D032C48198B0032FA1F /* ContentView.swift */,
				2AA27CE62C48198B0032FA1F /* CompositionRoot */,
				2AA27CE82C48198B0032FA1F /* Domain */,
				2AA27CFA2C48198B0032FA1F /* ListFlow */,
				2AA27CEA2C48198B0032FA1F /* Helpers */,
				2AA27D022C48198B0032FA1F /* Assets.xcassets */,
				2AA27D012C48198B0032FA1F /* Preview Content */,
			);
			path = MemoNest;
			sourceTree = "<group>";
		};
		2AA86A0C2C4A709E009BC197 /* MemoNestTests */ = {
			isa = PBXGroup;
			children = (
				2AA86A272C4AB62B009BC197 /* ThirdPartyDependencies */,
				2AA86A232C4A7299009BC197 /* IntegrationTests */,
				2AA86A162C4A712C009BC197 /* Helpers */,
				2AF8841D2C4D4F7000EF8A8C /* EditorFlowReducerTests.swift */,
				2AF884372C4D666A00EF8A8C /* FlowReducerTest.swift */,
				2AF8841F2C4D594800EF8A8C /* EditorFlowEffectHandlerTests.swift */,
			);
			path = MemoNestTests;
			sourceTree = "<group>";
		};
		2AA86A162C4A712C009BC197 /* Helpers */ = {
			isa = PBXGroup;
			children = (
				2AA86A252C4AB575009BC197 /* anyError.swift */,
				2A6E086B2C4CD91800E72AA3 /* anyMessage.swift */,
				2AF884392C4D69CB00EF8A8C /* ReducerSpy.swift */,
				2A6E08672C4CD12500E72AA3 /* assertThrowsAsyncError.swift */,
				2AF884212C4D5A0A00EF8A8C /* Spy.swift */,
				2AA86A192C4A7198009BC197 /* XCTestCase+MemoryLeakTracking.swift */,
			);
			path = Helpers;
			sourceTree = "<group>";
		};
		2AA86A232C4A7299009BC197 /* IntegrationTests */ = {
			isa = PBXGroup;
			children = (
				2A6E08652C4CCBA500E72AA3 /* CacheCoordinatorsComposerAcceptanceTests.swift */,
			);
			path = IntegrationTests;
			sourceTree = "<group>";
		};
		2AA86A272C4AB62B009BC197 /* ThirdPartyDependencies */ = {
			isa = PBXGroup;
			children = (
				2AA86A282C4AB63F009BC197 /* XCTAssertNoDiff.swift */,
			);
			path = ThirdPartyDependencies;
			sourceTree = "<group>";
		};
		2AE934CC2C490864006501A4 /* Domain */ = {
			isa = PBXGroup;
			children = (
				2AA27CF22C48198B0032FA1F /* ListFlowEffect.swift */,
				2AA27CF42C48198B0032FA1F /* ListFlowEvent.swift */,
				2AA27CF82C48198B0032FA1F /* ListFlowState.swift */,
			);
			path = Domain;
			sourceTree = "<group>";
		};
		2AE934CD2C4908B2006501A4 /* UI */ = {
			isa = PBXGroup;
			children = (
				2AA27CF52C48198B0032FA1F /* ListFlowViewFactory.swift */,
				2AA27CF62C48198B0032FA1F /* ListFlowModel.swift */,
				2AA27CF92C48198B0032FA1F /* ListFlowView.swift */,
			);
			path = UI;
			sourceTree = "<group>";
		};
		2AE934CE2C4908C1006501A4 /* Logic */ = {
			isa = PBXGroup;
			children = (
				2AA27CF32C48198B0032FA1F /* ListFlowEffectHandler.swift */,
				2AA27CF72C48198B0032FA1F /* ListFlowReducer.swift */,
			);
			path = Logic;
			sourceTree = "<group>";
		};
		2AF884232C4D614200EF8A8C /* EditorFlow */ = {
			isa = PBXGroup;
			children = (
				2AF884262C4D616E00EF8A8C /* EditorFlowComposerView.swift */,
				2AF884302C4D62A900EF8A8C /* Domain */,
				2AF884362C4D630C00EF8A8C /* Logic */,
				2AF884312C4D62B600EF8A8C /* UI */,
			);
			path = EditorFlow;
			sourceTree = "<group>";
		};
		2AF884302C4D62A900EF8A8C /* Domain */ = {
			isa = PBXGroup;
			children = (
				2AF8842A2C4D624300EF8A8C /* EditorFlowState.swift */,
				2AF8842C2C4D626B00EF8A8C /* EditorFlowEvent.swift */,
				2AF8842E2C4D628B00EF8A8C /* EditorFlowEffect.swift */,
			);
			path = Domain;
			sourceTree = "<group>";
		};
		2AF884312C4D62B600EF8A8C /* UI */ = {
			isa = PBXGroup;
			children = (
				2AF884282C4D61E200EF8A8C /* EditorFlowModel.swift */,
				2AF884242C4D616400EF8A8C /* EditorFlowStateWrapperView.swift */,
			);
			path = UI;
			sourceTree = "<group>";
		};
		2AF884362C4D630C00EF8A8C /* Logic */ = {
			isa = PBXGroup;
			children = (
				2AF884322C4D62C700EF8A8C /* EditorFlowReducer.swift */,
				2AF884342C4D62F700EF8A8C /* EditorFlowEffectHandler.swift */,
			);
			path = Logic;
			sourceTree = "<group>";
		};
		2AF8843B2C4D715900EF8A8C /* Flow */ = {
			isa = PBXGroup;
			children = (
				2AF8843C2C4D716300EF8A8C /* FlowState.swift */,
				2AF8843E2C4D718100EF8A8C /* FlowEvent.swift */,
				2AF884402C4D719800EF8A8C /* FlowEffect.swift */,
				2AF884422C4D71AA00EF8A8C /* FlowReducer.swift */,
			);
			path = Flow;
			sourceTree = "<group>";
		};
/* End PBXGroup section */

/* Begin PBXNativeTarget section */
		2A33A3D22C4642C700CE3C96 /* MemoNest */ = {
			isa = PBXNativeTarget;
			buildConfigurationList = 2A33A3E12C4642C900CE3C96 /* Build configuration list for PBXNativeTarget "MemoNest" */;
			buildPhases = (
				2A33A3CF2C4642C700CE3C96 /* Sources */,
				2A33A3D02C4642C700CE3C96 /* Frameworks */,
				2A33A3D12C4642C700CE3C96 /* Resources */,
			);
			buildRules = (
			);
			dependencies = (
			);
			name = MemoNest;
			packageProductDependencies = (
				2A324D922C464B7E008E7EB6 /* IMRx */,
				2A324D942C464B7E008E7EB6 /* IMTools */,
				2A324DB42C465EFF008E7EB6 /* CombineSchedulers */,
				2A1E99392C4B765100599C74 /* CacheInfra */,
				2A1E993B2C4B765100599C74 /* EntryEditorFeature */,
				2A1E993D2C4B765100599C74 /* EntryFilterFeature */,
				2A1E993F2C4B765100599C74 /* EntryListFeature */,
				2A1E99412C4B765100599C74 /* SortBuilderFeature */,
				2A1E99452C4B765100599C74 /* UIPrimitives */,
				2A0C033D2C4BA3DE00DC8179 /* Cache */,
			);
			productName = NoteNest;
			productReference = 2A33A3D32C4642C700CE3C96 /* MemoNest.app */;
			productType = "com.apple.product-type.application";
		};
		2AA86A0A2C4A709E009BC197 /* MemoNestTests */ = {
			isa = PBXNativeTarget;
			buildConfigurationList = 2AA86A112C4A709E009BC197 /* Build configuration list for PBXNativeTarget "MemoNestTests" */;
			buildPhases = (
				2AA86A072C4A709E009BC197 /* Sources */,
				2AA86A082C4A709E009BC197 /* Frameworks */,
				2AA86A092C4A709E009BC197 /* Resources */,
			);
			buildRules = (
			);
			dependencies = (
				2AA86A102C4A709E009BC197 /* PBXTargetDependency */,
			);
			name = MemoNestTests;
			packageProductDependencies = (
				2AA86A2B2C4AB652009BC197 /* CustomDump */,
			);
			productName = MemoNestTests;
			productReference = 2AA86A0B2C4A709E009BC197 /* MemoNestTests.xctest */;
			productType = "com.apple.product-type.bundle.unit-test";
		};
/* End PBXNativeTarget section */

/* Begin PBXProject section */
		2A33A3CB2C4642C700CE3C96 /* Project object */ = {
			isa = PBXProject;
			attributes = {
				BuildIndependentTargetsInParallel = 1;
				LastSwiftUpdateCheck = 1530;
				LastUpgradeCheck = 1530;
				TargetAttributes = {
					2A33A3D22C4642C700CE3C96 = {
						CreatedOnToolsVersion = 15.3;
					};
					2AA86A0A2C4A709E009BC197 = {
						CreatedOnToolsVersion = 15.3;
						LastSwiftMigration = 1530;
						TestTargetID = 2A33A3D22C4642C700CE3C96;
					};
				};
			};
			buildConfigurationList = 2A33A3CE2C4642C700CE3C96 /* Build configuration list for PBXProject "MemoNest" */;
			compatibilityVersion = "Xcode 14.0";
			developmentRegion = en;
			hasScannedForEncodings = 0;
			knownRegions = (
				en,
				Base,
			);
			mainGroup = 2A33A3CA2C4642C700CE3C96;
			packageReferences = (
				2A324D912C464B7E008E7EB6 /* XCRemoteSwiftPackageReference "swift-imrx" */,
				2A324DB32C465EFF008E7EB6 /* XCRemoteSwiftPackageReference "combine-schedulers" */,
				2AA86A2A2C4AB652009BC197 /* XCRemoteSwiftPackageReference "swift-custom-dump" */,
			);
			productRefGroup = 2A33A3D42C4642C700CE3C96 /* Products */;
			projectDirPath = "";
			projectRoot = "";
			targets = (
				2A33A3D22C4642C700CE3C96 /* MemoNest */,
				2AA86A0A2C4A709E009BC197 /* MemoNestTests */,
			);
		};
/* End PBXProject section */

/* Begin PBXResourcesBuildPhase section */
		2A33A3D12C4642C700CE3C96 /* Resources */ = {
			isa = PBXResourcesBuildPhase;
			buildActionMask = 2147483647;
			files = (
				2AA27D1C2C48198B0032FA1F /* Preview Assets.xcassets in Resources */,
				2AA27D1D2C48198B0032FA1F /* Assets.xcassets in Resources */,
			);
			runOnlyForDeploymentPostprocessing = 0;
		};
		2AA86A092C4A709E009BC197 /* Resources */ = {
			isa = PBXResourcesBuildPhase;
			buildActionMask = 2147483647;
			files = (
			);
			runOnlyForDeploymentPostprocessing = 0;
		};
/* End PBXResourcesBuildPhase section */

/* Begin PBXSourcesBuildPhase section */
		2A33A3CF2C4642C700CE3C96 /* Sources */ = {
			isa = PBXSourcesBuildPhase;
			buildActionMask = 2147483647;
			files = (
				2AF884352C4D62F700EF8A8C /* EditorFlowEffectHandler.swift in Sources */,
				2AA27D092C48198B0032FA1F /* Entry.swift in Sources */,
				2AA27D062C48198B0032FA1F /* EntryListEffectHandlerMicroServicesComposer.swift in Sources */,
				2AA27D0B2C48198B0032FA1F /* EntryDetailView.swift in Sources */,
				2AF884252C4D616400EF8A8C /* EditorFlowStateWrapperView.swift in Sources */,
				2AF8842B2C4D624300EF8A8C /* EditorFlowState.swift in Sources */,
				2AF884292C4D61E200EF8A8C /* EditorFlowModel.swift in Sources */,
				2AA27D1A2C48198B0032FA1F /* ListFlowFactory+preview.swift in Sources */,
				2AA27D0E2C48198B0032FA1F /* EntryRowLabel.swift in Sources */,
				2A6E08702C4CE8F600E72AA3 /* EntryPayload.swift in Sources */,
				2AF8842D2C4D626B00EF8A8C /* EditorFlowEvent.swift in Sources */,
				2AA27D0F2C48198B0032FA1F /* ListFlowEffect.swift in Sources */,
				2AA27D192C48198B0032FA1F /* EntryListModel+preview.swift in Sources */,
				2A6E086E2C4CE88500E72AA3 /* CacheCoordinatorsComposer.swift in Sources */,
				2AF884432C4D71AA00EF8A8C /* FlowReducer.swift in Sources */,
				2AF8843D2C4D716300EF8A8C /* FlowState.swift in Sources */,
				2AF884332C4D62C700EF8A8C /* EditorFlowReducer.swift in Sources */,
				2AA27D112C48198B0032FA1F /* ListFlowEvent.swift in Sources */,
				2AA27D072C48198B0032FA1F /* EntryListModelComposer.swift in Sources */,
				2AA27D0C2C48198B0032FA1F /* EntryEditorWrapperView.swift in Sources */,
				2AF884272C4D616E00EF8A8C /* EditorFlowComposerView.swift in Sources */,
				2AA27D152C48198B0032FA1F /* ListFlowState.swift in Sources */,
				2AA27D1B2C48198B0032FA1F /* ListFlowModel+preview.swift in Sources */,
				2AA27D1E2C48198B0032FA1F /* ContentView.swift in Sources */,
				2AA27D142C48198B0032FA1F /* ListFlowReducer.swift in Sources */,
				2AA27D082C48198B0032FA1F /* ListFlowViewComposer.swift in Sources */,
				2AA27D182C48198B0032FA1F /* Entry+preview.swift in Sources */,
				2AA27D132C48198B0032FA1F /* ListFlowModel.swift in Sources */,
				2AA27D0D2C48198B0032FA1F /* Entry+tagsString.swift in Sources */,
				2AF8843F2C4D718100EF8A8C /* FlowEvent.swift in Sources */,
				2AA27D122C48198B0032FA1F /* ListFlowViewFactory.swift in Sources */,
				2AA27D172C48198B0032FA1F /* [Entry]+preview.swift in Sources */,
				2AA27D102C48198B0032FA1F /* ListFlowEffectHandler.swift in Sources */,
				2AF884412C4D719800EF8A8C /* FlowEffect.swift in Sources */,
				2AA27D162C48198B0032FA1F /* ListFlowView.swift in Sources */,
				2AF8842F2C4D628B00EF8A8C /* EditorFlowEffect.swift in Sources */,
				2AA27D1F2C48198B0032FA1F /* NoteNestApp.swift in Sources */,
				2AA27D0A2C48198B0032FA1F /* DispatchQueue+delay.swift in Sources */,
			);
			runOnlyForDeploymentPostprocessing = 0;
		};
		2AA86A072C4A709E009BC197 /* Sources */ = {
			isa = PBXSourcesBuildPhase;
			buildActionMask = 2147483647;
			files = (
				2A6E08662C4CCBA500E72AA3 /* CacheCoordinatorsComposerAcceptanceTests.swift in Sources */,
				2AF8843A2C4D69CB00EF8A8C /* ReducerSpy.swift in Sources */,
				2A6E086C2C4CD91800E72AA3 /* anyMessage.swift in Sources */,
				2AF884382C4D666A00EF8A8C /* FlowReducerTest.swift in Sources */,
				2AF884202C4D594800EF8A8C /* EditorFlowEffectHandlerTests.swift in Sources */,
				2AF8841E2C4D4F7000EF8A8C /* EditorFlowReducerTests.swift in Sources */,
				2A6E08682C4CD12500E72AA3 /* assertThrowsAsyncError.swift in Sources */,
				2AA86A1A2C4A7199009BC197 /* XCTestCase+MemoryLeakTracking.swift in Sources */,
				2AA86A262C4AB575009BC197 /* anyError.swift in Sources */,
				2AA86A292C4AB63F009BC197 /* XCTAssertNoDiff.swift in Sources */,
				2AF884222C4D5A0A00EF8A8C /* Spy.swift in Sources */,
			);
			runOnlyForDeploymentPostprocessing = 0;
		};
/* End PBXSourcesBuildPhase section */

/* Begin PBXTargetDependency section */
		2AA86A102C4A709E009BC197 /* PBXTargetDependency */ = {
			isa = PBXTargetDependency;
			target = 2A33A3D22C4642C700CE3C96 /* MemoNest */;
			targetProxy = 2AA86A0F2C4A709E009BC197 /* PBXContainerItemProxy */;
		};
/* End PBXTargetDependency section */

/* Begin XCBuildConfiguration section */
		2A33A3DF2C4642C900CE3C96 /* Debug */ = {
			isa = XCBuildConfiguration;
			buildSettings = {
				ALWAYS_SEARCH_USER_PATHS = NO;
				ASSETCATALOG_COMPILER_GENERATE_SWIFT_ASSET_SYMBOL_EXTENSIONS = YES;
				CLANG_ANALYZER_NONNULL = YES;
				CLANG_ANALYZER_NUMBER_OBJECT_CONVERSION = YES_AGGRESSIVE;
				CLANG_CXX_LANGUAGE_STANDARD = "gnu++20";
				CLANG_ENABLE_MODULES = YES;
				CLANG_ENABLE_OBJC_ARC = YES;
				CLANG_ENABLE_OBJC_WEAK = YES;
				CLANG_WARN_BLOCK_CAPTURE_AUTORELEASING = YES;
				CLANG_WARN_BOOL_CONVERSION = YES;
				CLANG_WARN_COMMA = YES;
				CLANG_WARN_CONSTANT_CONVERSION = YES;
				CLANG_WARN_DEPRECATED_OBJC_IMPLEMENTATIONS = YES;
				CLANG_WARN_DIRECT_OBJC_ISA_USAGE = YES_ERROR;
				CLANG_WARN_DOCUMENTATION_COMMENTS = YES;
				CLANG_WARN_EMPTY_BODY = YES;
				CLANG_WARN_ENUM_CONVERSION = YES;
				CLANG_WARN_INFINITE_RECURSION = YES;
				CLANG_WARN_INT_CONVERSION = YES;
				CLANG_WARN_NON_LITERAL_NULL_CONVERSION = YES;
				CLANG_WARN_OBJC_IMPLICIT_RETAIN_SELF = YES;
				CLANG_WARN_OBJC_LITERAL_CONVERSION = YES;
				CLANG_WARN_OBJC_ROOT_CLASS = YES_ERROR;
				CLANG_WARN_QUOTED_INCLUDE_IN_FRAMEWORK_HEADER = YES;
				CLANG_WARN_RANGE_LOOP_ANALYSIS = YES;
				CLANG_WARN_STRICT_PROTOTYPES = YES;
				CLANG_WARN_SUSPICIOUS_MOVE = YES;
				CLANG_WARN_UNGUARDED_AVAILABILITY = YES_AGGRESSIVE;
				CLANG_WARN_UNREACHABLE_CODE = YES;
				CLANG_WARN__DUPLICATE_METHOD_MATCH = YES;
				COPY_PHASE_STRIP = NO;
				DEBUG_INFORMATION_FORMAT = dwarf;
				ENABLE_STRICT_OBJC_MSGSEND = YES;
				ENABLE_TESTABILITY = YES;
				ENABLE_USER_SCRIPT_SANDBOXING = YES;
				GCC_C_LANGUAGE_STANDARD = gnu17;
				GCC_DYNAMIC_NO_PIC = NO;
				GCC_NO_COMMON_BLOCKS = YES;
				GCC_OPTIMIZATION_LEVEL = 0;
				GCC_PREPROCESSOR_DEFINITIONS = (
					"DEBUG=1",
					"$(inherited)",
				);
				GCC_WARN_64_TO_32_BIT_CONVERSION = YES;
				GCC_WARN_ABOUT_RETURN_TYPE = YES_ERROR;
				GCC_WARN_UNDECLARED_SELECTOR = YES;
				GCC_WARN_UNINITIALIZED_AUTOS = YES_AGGRESSIVE;
				GCC_WARN_UNUSED_FUNCTION = YES;
				GCC_WARN_UNUSED_VARIABLE = YES;
				IPHONEOS_DEPLOYMENT_TARGET = 17.4;
				LOCALIZATION_PREFERS_STRING_CATALOGS = YES;
				MTL_ENABLE_DEBUG_INFO = INCLUDE_SOURCE;
				MTL_FAST_MATH = YES;
				ONLY_ACTIVE_ARCH = YES;
				SDKROOT = iphoneos;
				SWIFT_ACTIVE_COMPILATION_CONDITIONS = "DEBUG $(inherited)";
				SWIFT_OPTIMIZATION_LEVEL = "-Onone";
			};
			name = Debug;
		};
		2A33A3E02C4642C900CE3C96 /* Release */ = {
			isa = XCBuildConfiguration;
			buildSettings = {
				ALWAYS_SEARCH_USER_PATHS = NO;
				ASSETCATALOG_COMPILER_GENERATE_SWIFT_ASSET_SYMBOL_EXTENSIONS = YES;
				CLANG_ANALYZER_NONNULL = YES;
				CLANG_ANALYZER_NUMBER_OBJECT_CONVERSION = YES_AGGRESSIVE;
				CLANG_CXX_LANGUAGE_STANDARD = "gnu++20";
				CLANG_ENABLE_MODULES = YES;
				CLANG_ENABLE_OBJC_ARC = YES;
				CLANG_ENABLE_OBJC_WEAK = YES;
				CLANG_WARN_BLOCK_CAPTURE_AUTORELEASING = YES;
				CLANG_WARN_BOOL_CONVERSION = YES;
				CLANG_WARN_COMMA = YES;
				CLANG_WARN_CONSTANT_CONVERSION = YES;
				CLANG_WARN_DEPRECATED_OBJC_IMPLEMENTATIONS = YES;
				CLANG_WARN_DIRECT_OBJC_ISA_USAGE = YES_ERROR;
				CLANG_WARN_DOCUMENTATION_COMMENTS = YES;
				CLANG_WARN_EMPTY_BODY = YES;
				CLANG_WARN_ENUM_CONVERSION = YES;
				CLANG_WARN_INFINITE_RECURSION = YES;
				CLANG_WARN_INT_CONVERSION = YES;
				CLANG_WARN_NON_LITERAL_NULL_CONVERSION = YES;
				CLANG_WARN_OBJC_IMPLICIT_RETAIN_SELF = YES;
				CLANG_WARN_OBJC_LITERAL_CONVERSION = YES;
				CLANG_WARN_OBJC_ROOT_CLASS = YES_ERROR;
				CLANG_WARN_QUOTED_INCLUDE_IN_FRAMEWORK_HEADER = YES;
				CLANG_WARN_RANGE_LOOP_ANALYSIS = YES;
				CLANG_WARN_STRICT_PROTOTYPES = YES;
				CLANG_WARN_SUSPICIOUS_MOVE = YES;
				CLANG_WARN_UNGUARDED_AVAILABILITY = YES_AGGRESSIVE;
				CLANG_WARN_UNREACHABLE_CODE = YES;
				CLANG_WARN__DUPLICATE_METHOD_MATCH = YES;
				COPY_PHASE_STRIP = NO;
				DEBUG_INFORMATION_FORMAT = "dwarf-with-dsym";
				ENABLE_NS_ASSERTIONS = NO;
				ENABLE_STRICT_OBJC_MSGSEND = YES;
				ENABLE_USER_SCRIPT_SANDBOXING = YES;
				GCC_C_LANGUAGE_STANDARD = gnu17;
				GCC_NO_COMMON_BLOCKS = YES;
				GCC_WARN_64_TO_32_BIT_CONVERSION = YES;
				GCC_WARN_ABOUT_RETURN_TYPE = YES_ERROR;
				GCC_WARN_UNDECLARED_SELECTOR = YES;
				GCC_WARN_UNINITIALIZED_AUTOS = YES_AGGRESSIVE;
				GCC_WARN_UNUSED_FUNCTION = YES;
				GCC_WARN_UNUSED_VARIABLE = YES;
				IPHONEOS_DEPLOYMENT_TARGET = 17.4;
				LOCALIZATION_PREFERS_STRING_CATALOGS = YES;
				MTL_ENABLE_DEBUG_INFO = NO;
				MTL_FAST_MATH = YES;
				SDKROOT = iphoneos;
				SWIFT_COMPILATION_MODE = wholemodule;
				VALIDATE_PRODUCT = YES;
			};
			name = Release;
		};
		2A33A3E22C4642C900CE3C96 /* Debug */ = {
			isa = XCBuildConfiguration;
			buildSettings = {
				ASSETCATALOG_COMPILER_APPICON_NAME = AppIcon;
				ASSETCATALOG_COMPILER_GLOBAL_ACCENT_COLOR_NAME = AccentColor;
				CODE_SIGN_STYLE = Automatic;
				CURRENT_PROJECT_VERSION = 1;
				DEVELOPMENT_ASSET_PATHS = "\"MemoNest/Preview Content\"";
				DEVELOPMENT_TEAM = VRVJ9YNRQU;
				ENABLE_PREVIEWS = YES;
				GENERATE_INFOPLIST_FILE = YES;
				INFOPLIST_FILE = MemoNest/Info.plist;
				INFOPLIST_KEY_CFBundleDisplayName = MemoNest;
				INFOPLIST_KEY_UIApplicationSceneManifest_Generation = YES;
				INFOPLIST_KEY_UIApplicationSupportsIndirectInputEvents = YES;
				INFOPLIST_KEY_UILaunchScreen_Generation = YES;
				INFOPLIST_KEY_UISupportedInterfaceOrientations_iPad = "UIInterfaceOrientationPortrait UIInterfaceOrientationPortraitUpsideDown UIInterfaceOrientationLandscapeLeft UIInterfaceOrientationLandscapeRight";
				INFOPLIST_KEY_UISupportedInterfaceOrientations_iPhone = "UIInterfaceOrientationPortrait UIInterfaceOrientationLandscapeLeft UIInterfaceOrientationLandscapeRight";
				LD_RUNPATH_SEARCH_PATHS = (
					"$(inherited)",
					"@executable_path/Frameworks",
				);
				MARKETING_VERSION = 1.0;
				PRODUCT_BUNDLE_IDENTIFIER = dev.igor1309.NoteNest;
				PRODUCT_NAME = "$(TARGET_NAME)";
				SWIFT_EMIT_LOC_STRINGS = YES;
				SWIFT_VERSION = 5.0;
				TARGETED_DEVICE_FAMILY = "1,2";
			};
			name = Debug;
		};
		2A33A3E32C4642C900CE3C96 /* Release */ = {
			isa = XCBuildConfiguration;
			buildSettings = {
				ASSETCATALOG_COMPILER_APPICON_NAME = AppIcon;
				ASSETCATALOG_COMPILER_GLOBAL_ACCENT_COLOR_NAME = AccentColor;
				CODE_SIGN_STYLE = Automatic;
				CURRENT_PROJECT_VERSION = 1;
				DEVELOPMENT_ASSET_PATHS = "\"MemoNest/Preview Content\"";
				DEVELOPMENT_TEAM = VRVJ9YNRQU;
				ENABLE_PREVIEWS = YES;
				GENERATE_INFOPLIST_FILE = YES;
				INFOPLIST_FILE = MemoNest/Info.plist;
				INFOPLIST_KEY_CFBundleDisplayName = MemoNest;
				INFOPLIST_KEY_UIApplicationSceneManifest_Generation = YES;
				INFOPLIST_KEY_UIApplicationSupportsIndirectInputEvents = YES;
				INFOPLIST_KEY_UILaunchScreen_Generation = YES;
				INFOPLIST_KEY_UISupportedInterfaceOrientations_iPad = "UIInterfaceOrientationPortrait UIInterfaceOrientationPortraitUpsideDown UIInterfaceOrientationLandscapeLeft UIInterfaceOrientationLandscapeRight";
				INFOPLIST_KEY_UISupportedInterfaceOrientations_iPhone = "UIInterfaceOrientationPortrait UIInterfaceOrientationLandscapeLeft UIInterfaceOrientationLandscapeRight";
				LD_RUNPATH_SEARCH_PATHS = (
					"$(inherited)",
					"@executable_path/Frameworks",
				);
				MARKETING_VERSION = 1.0;
				PRODUCT_BUNDLE_IDENTIFIER = dev.igor1309.NoteNest;
				PRODUCT_NAME = "$(TARGET_NAME)";
				SWIFT_EMIT_LOC_STRINGS = YES;
				SWIFT_VERSION = 5.0;
				TARGETED_DEVICE_FAMILY = "1,2";
			};
			name = Release;
		};
		2AA86A122C4A709E009BC197 /* Debug */ = {
			isa = XCBuildConfiguration;
			buildSettings = {
				BUNDLE_LOADER = "$(TEST_HOST)";
				CLANG_ENABLE_MODULES = YES;
				CODE_SIGN_STYLE = Automatic;
				CURRENT_PROJECT_VERSION = 1;
				DEVELOPMENT_TEAM = VRVJ9YNRQU;
				GENERATE_INFOPLIST_FILE = YES;
				MARKETING_VERSION = 1.0;
				PRODUCT_BUNDLE_IDENTIFIER = dev.igor1309.MemoNestTests;
				PRODUCT_NAME = "$(TARGET_NAME)";
				SWIFT_EMIT_LOC_STRINGS = NO;
				SWIFT_OPTIMIZATION_LEVEL = "-Onone";
				SWIFT_VERSION = 5.0;
				TARGETED_DEVICE_FAMILY = "1,2";
				TEST_HOST = "$(BUILT_PRODUCTS_DIR)/MemoNest.app/$(BUNDLE_EXECUTABLE_FOLDER_PATH)/MemoNest";
			};
			name = Debug;
		};
		2AA86A132C4A709E009BC197 /* Release */ = {
			isa = XCBuildConfiguration;
			buildSettings = {
				BUNDLE_LOADER = "$(TEST_HOST)";
				CLANG_ENABLE_MODULES = YES;
				CODE_SIGN_STYLE = Automatic;
				CURRENT_PROJECT_VERSION = 1;
				DEVELOPMENT_TEAM = VRVJ9YNRQU;
				GENERATE_INFOPLIST_FILE = YES;
				MARKETING_VERSION = 1.0;
				PRODUCT_BUNDLE_IDENTIFIER = dev.igor1309.MemoNestTests;
				PRODUCT_NAME = "$(TARGET_NAME)";
				SWIFT_EMIT_LOC_STRINGS = NO;
				SWIFT_VERSION = 5.0;
				TARGETED_DEVICE_FAMILY = "1,2";
				TEST_HOST = "$(BUILT_PRODUCTS_DIR)/MemoNest.app/$(BUNDLE_EXECUTABLE_FOLDER_PATH)/MemoNest";
			};
			name = Release;
		};
/* End XCBuildConfiguration section */

/* Begin XCConfigurationList section */
		2A33A3CE2C4642C700CE3C96 /* Build configuration list for PBXProject "MemoNest" */ = {
			isa = XCConfigurationList;
			buildConfigurations = (
				2A33A3DF2C4642C900CE3C96 /* Debug */,
				2A33A3E02C4642C900CE3C96 /* Release */,
			);
			defaultConfigurationIsVisible = 0;
			defaultConfigurationName = Release;
		};
		2A33A3E12C4642C900CE3C96 /* Build configuration list for PBXNativeTarget "MemoNest" */ = {
			isa = XCConfigurationList;
			buildConfigurations = (
				2A33A3E22C4642C900CE3C96 /* Debug */,
				2A33A3E32C4642C900CE3C96 /* Release */,
			);
			defaultConfigurationIsVisible = 0;
			defaultConfigurationName = Release;
		};
		2AA86A112C4A709E009BC197 /* Build configuration list for PBXNativeTarget "MemoNestTests" */ = {
			isa = XCConfigurationList;
			buildConfigurations = (
				2AA86A122C4A709E009BC197 /* Debug */,
				2AA86A132C4A709E009BC197 /* Release */,
			);
			defaultConfigurationIsVisible = 0;
			defaultConfigurationName = Release;
		};
/* End XCConfigurationList section */

/* Begin XCRemoteSwiftPackageReference section */
		2A324D912C464B7E008E7EB6 /* XCRemoteSwiftPackageReference "swift-imrx" */ = {
			isa = XCRemoteSwiftPackageReference;
			repositoryURL = "https://github.com/igor1309/swift-imrx";
			requirement = {
				branch = main;
				kind = branch;
			};
		};
		2A324DB32C465EFF008E7EB6 /* XCRemoteSwiftPackageReference "combine-schedulers" */ = {
			isa = XCRemoteSwiftPackageReference;
			repositoryURL = "https://github.com/pointfreeco/combine-schedulers.git";
			requirement = {
				kind = upToNextMajorVersion;
				minimumVersion = 1.0.0;
			};
		};
		2AA86A2A2C4AB652009BC197 /* XCRemoteSwiftPackageReference "swift-custom-dump" */ = {
			isa = XCRemoteSwiftPackageReference;
			repositoryURL = "https://github.com/pointfreeco/swift-custom-dump.git";
			requirement = {
				kind = upToNextMajorVersion;
				minimumVersion = 1.3.0;
			};
		};
/* End XCRemoteSwiftPackageReference section */

/* Begin XCSwiftPackageProductDependency section */
		2A0C033D2C4BA3DE00DC8179 /* Cache */ = {
			isa = XCSwiftPackageProductDependency;
			productName = Cache;
		};
		2A1E99392C4B765100599C74 /* CacheInfra */ = {
			isa = XCSwiftPackageProductDependency;
			productName = CacheInfra;
		};
		2A1E993B2C4B765100599C74 /* EntryEditorFeature */ = {
			isa = XCSwiftPackageProductDependency;
			productName = EntryEditorFeature;
		};
		2A1E993D2C4B765100599C74 /* EntryFilterFeature */ = {
			isa = XCSwiftPackageProductDependency;
			productName = EntryFilterFeature;
		};
		2A1E993F2C4B765100599C74 /* EntryListFeature */ = {
			isa = XCSwiftPackageProductDependency;
			productName = EntryListFeature;
		};
		2A1E99412C4B765100599C74 /* SortBuilderFeature */ = {
			isa = XCSwiftPackageProductDependency;
			productName = SortBuilderFeature;
		};
		2A1E99452C4B765100599C74 /* UIPrimitives */ = {
			isa = XCSwiftPackageProductDependency;
			productName = UIPrimitives;
		};
		2A324D922C464B7E008E7EB6 /* IMRx */ = {
			isa = XCSwiftPackageProductDependency;
			package = 2A324D912C464B7E008E7EB6 /* XCRemoteSwiftPackageReference "swift-imrx" */;
			productName = IMRx;
		};
		2A324D942C464B7E008E7EB6 /* IMTools */ = {
			isa = XCSwiftPackageProductDependency;
			package = 2A324D912C464B7E008E7EB6 /* XCRemoteSwiftPackageReference "swift-imrx" */;
			productName = IMTools;
		};
		2A324DB42C465EFF008E7EB6 /* CombineSchedulers */ = {
			isa = XCSwiftPackageProductDependency;
			package = 2A324DB32C465EFF008E7EB6 /* XCRemoteSwiftPackageReference "combine-schedulers" */;
			productName = CombineSchedulers;
		};
		2AA86A2B2C4AB652009BC197 /* CustomDump */ = {
			isa = XCSwiftPackageProductDependency;
			package = 2AA86A2A2C4AB652009BC197 /* XCRemoteSwiftPackageReference "swift-custom-dump" */;
			productName = CustomDump;
		};
/* End XCSwiftPackageProductDependency section */
	};
	rootObject = 2A33A3CB2C4642C700CE3C96 /* Project object */;
}
